// !$*UTF8*$!
{
	archiveVersion = 1;
	classes = {
	};
	objectVersion = 56;
	objects = {

/* Begin PBXBuildFile section */
		0A8004F7300AD9FE004E1676 /* BottomNavBar.swift in Sources */ = {isa = PBXBuildFile; fileRef = 0A8004B5300AD9FE004E1676 /* BottomNavBar.swift */; };
		0A8004F8300AD9FE004E1676 /* RouteCard.swift in Sources */ = {isa = PBXBuildFile; fileRef = 0A8004B6300AD9FE004E1676 /* RouteCard.swift */; };
		0A8004F9300AD9FE004E1676 /* TopAppBar.swift in Sources */ = {isa = PBXBuildFile; fileRef = 0A8004B7300AD9FE004E1676 /* TopAppBar.swift */; };
		0A8004FA300AD9FE004E1676 /* Colors.swift in Sources */ = {isa = PBXBuildFile; fileRef = 0A8004B9300AD9FE004E1676 /* Colors.swift */; };
		0A8004FB300AD9FE004E1676 /* Spacing.swift in Sources */ = {isa = PBXBuildFile; fileRef = 0A8004BA300AD9FE004E1676 /* Spacing.swift */; };
		0A8004FC300AD9FE004E1676 /* Typography.swift in Sources */ = {isa = PBXBuildFile; fileRef = 0A8004BB300AD9FE004E1676 /* Typography.swift */; };
		0A8004FD300AD9FE004E1676 /* LugarGuardado.swift in Sources */ = {isa = PBXBuildFile; fileRef = 0A8004BD300AD9FE004E1676 /* LugarGuardado.swift */; };
		0A8004FE300AD9FE004E1676 /* ReporteComunidad.swift in Sources */ = {isa = PBXBuildFile; fileRef = 0A8004BE300AD9FE004E1676 /* ReporteComunidad.swift */; };
		0A8004FF300AD9FE004E1676 /* Ruta.swift in Sources */ = {isa = PBXBuildFile; fileRef = 0A8004BF300AD9FE004E1676 /* Ruta.swift */; };
		0A800500300AD9FE004E1676 /* AppRouter.swift in Sources */ = {isa = PBXBuildFile; fileRef = 0A8004C1300AD9FE004E1676 /* AppRouter.swift */; };
		0A800501300AD9FE004E1676 /* RootView.swift in Sources */ = {isa = PBXBuildFile; fileRef = 0A8004C2300AD9FE004E1676 /* RootView.swift */; };
		0A800502300AD9FE004E1676 /* Preview Assets.xcassets in Resources */ = {isa = PBXBuildFile; fileRef = 0A8004C4300AD9FE004E1676 /* Preview Assets.xcassets */; };
		0A800504300AD9FE004E1676 /* BienvenidaView.swift in Sources */ = {isa = PBXBuildFile; fileRef = 0A8004C8300AD9FE004E1676 /* BienvenidaView.swift */; };
		0A800505300AD9FE004E1676 /* RutaMapKitView.swift in Sources */ = {isa = PBXBuildFile; fileRef = 0A8004CA300AD9FE004E1676 /* RutaMapKitView.swift */; };
		0A800506300AD9FE004E1676 /* GuardadoView.swift in Sources */ = {isa = PBXBuildFile; fileRef = 0A8004CC300AD9FE004E1676 /* GuardadoView.swift */; };
		0A800507300AD9FE004E1676 /* MapaView.swift in Sources */ = {isa = PBXBuildFile; fileRef = 0A8004CE300AD9FE004E1676 /* MapaView.swift */; };
		0A800508300AD9FE004E1676 /* MapaViewModel.swift in Sources */ = {isa = PBXBuildFile; fileRef = 0A8004CF300AD9FE004E1676 /* MapaViewModel.swift */; };
		0A800509300AD9FE004E1676 /* MapMarkers.swift in Sources */ = {isa = PBXBuildFile; fileRef = 0A8004D0300AD9FE004E1676 /* MapMarkers.swift */; };
		0A80050A300AD9FE004E1676 /* SideDrawer.swift in Sources */ = {isa = PBXBuildFile; fileRef = 0A8004D1300AD9FE004E1676 /* SideDrawer.swift */; };
		0A80050B300AD9FE004E1676 /* CarPlayNavegacionView.swift in Sources */ = {isa = PBXBuildFile; fileRef = 0A8004D3300AD9FE004E1676 /* CarPlayNavegacionView.swift */; };
		0A80050C300AD9FE004E1676 /* CarnetScannerView.swift in Sources */ = {isa = PBXBuildFile; fileRef = 0A8004D5300AD9FE004E1676 /* CarnetScannerView.swift */; };
		0A80050D300AD9FE004E1676 /* PerfilView.swift in Sources */ = {isa = PBXBuildFile; fileRef = 0A8004D6300AD9FE004E1676 /* PerfilView.swift */; };
		0A80050E300AD9FE004E1676 /* TarjetaFormSheet.swift in Sources */ = {isa = PBXBuildFile; fileRef = 0A8004D7300AD9FE004E1676 /* TarjetaFormSheet.swift */; };
		0A80050F300AD9FE004E1676 /* RutasView.swift in Sources */ = {isa = PBXBuildFile; fileRef = 0A8004D9300AD9FE004E1676 /* RutasView.swift */; };
		0A800510300AD9FE004E1676 /* SeguridadView.swift in Sources */ = {isa = PBXBuildFile; fileRef = 0A8004DB300AD9FE004E1676 /* SeguridadView.swift */; };
		0A800511300AD9FE004E1676 /* RouteTrackingDemoView.swift in Sources */ = {isa = PBXBuildFile; fileRef = 0A8004DD300AD9FE004E1676 /* RouteTrackingDemoView.swift */; };
		0A800512300AD9FE004E1676 /* RouteTrackingViewModel.swift in Sources */ = {isa = PBXBuildFile; fileRef = 0A8004DE300AD9FE004E1676 /* RouteTrackingViewModel.swift */; };
		0A800513300AD9FE004E1676 /* LocationService.swift in Sources */ = {isa = PBXBuildFile; fileRef = 0A8004E1300AD9FE004E1676 /* LocationService.swift */; };
		0A800514300AD9FE004E1676 /* LocationServiceProtocol.swift in Sources */ = {isa = PBXBuildFile; fileRef = 0A8004E2300AD9FE004E1676 /* LocationServiceProtocol.swift */; };
		0A800515300AD9FE004E1676 /* RouteCalculationService.swift in Sources */ = {isa = PBXBuildFile; fileRef = 0A8004E4300AD9FE004E1676 /* RouteCalculationService.swift */; };
		0A800516300AD9FE004E1676 /* TrackingPoint.swift in Sources */ = {isa = PBXBuildFile; fileRef = 0A8004E6300AD9FE004E1676 /* TrackingPoint.swift */; };
		0A800517300AD9FE004E1676 /* TripSession.swift in Sources */ = {isa = PBXBuildFile; fileRef = 0A8004E7300AD9FE004E1676 /* TripSession.swift */; };
		0A800518300AD9FE004E1676 /* VehiclePosition.swift in Sources */ = {isa = PBXBuildFile; fileRef = 0A8004E8300AD9FE004E1676 /* VehiclePosition.swift */; };
		0A800519300AD9FE004E1676 /* RealTrackingProvider.swift in Sources */ = {isa = PBXBuildFile; fileRef = 0A8004EA300AD9FE004E1676 /* RealTrackingProvider.swift */; };
		0A80051A300AD9FE004E1676 /* SimulatedTrackingProvider.swift in Sources */ = {isa = PBXBuildFile; fileRef = 0A8004EB300AD9FE004E1676 /* SimulatedTrackingProvider.swift */; };
		0A80051B300AD9FE004E1676 /* VehicleTrackingProviding.swift in Sources */ = {isa = PBXBuildFile; fileRef = 0A8004EC300AD9FE004E1676 /* VehicleTrackingProviding.swift */; };
		0A80051C300AD9FE004E1676 /* PolylineMatching.swift in Sources */ = {isa = PBXBuildFile; fileRef = 0A8004F0300AD9FE004E1676 /* PolylineMatching.swift */; };
		0A80051D300AD9FE004E1676 /* Assets.xcassets in Resources */ = {isa = PBXBuildFile; fileRef = 0A8004F2300AD9FE004E1676 /* Assets.xcassets */; };
		0A80051F300AD9FE004E1676 /* README.md in Resources */ = {isa = PBXBuildFile; fileRef = 0A8004F4300AD9FE004E1676 /* README.md */; };
		0A800520300AD9FE004E1676 /* RutaUTPApp.swift in Sources */ = {isa = PBXBuildFile; fileRef = 0A8004F5300AD9FE004E1676 /* RutaUTPApp.swift */; };
		AA6600000000000000000B01 /* GTFSModels.swift in Sources */ = {isa = PBXBuildFile; fileRef = AA6600000000000000000A01 /* GTFSModels.swift */; };
		AA6600000000000000000B02 /* GTFSCSV.swift in Sources */ = {isa = PBXBuildFile; fileRef = AA6600000000000000000A02 /* GTFSCSV.swift */; };
		AA6600000000000000000B03 /* GTFSRepository.swift in Sources */ = {isa = PBXBuildFile; fileRef = AA6600000000000000000A03 /* GTFSRepository.swift */; };
		AA6600000000000000000B04 /* ExploradorRutaView.swift in Sources */ = {isa = PBXBuildFile; fileRef = AA6600000000000000000A04 /* ExploradorRutaView.swift */; };
		AA6600000000000000000B05 /* NavegacionRutaView.swift in Sources */ = {isa = PBXBuildFile; fileRef = AA6600000000000000000A05 /* NavegacionRutaView.swift */; };
		AA6600000000000000000B06 /* ParaderosIluminadosView.swift in Sources */ = {isa = PBXBuildFile; fileRef = AA6600000000000000000A06 /* ParaderosIluminadosView.swift */; };
		AA6600000000000000000F02 /* Idioma.swift in Sources */ = {isa = PBXBuildFile; fileRef = AA6600000000000000000F01 /* Idioma.swift */; };
		AA6600000000000000000D02 /* gtfs in Resources */ = {isa = PBXBuildFile; fileRef = AA6600000000000000000D01 /* gtfs */; };
/* End PBXBuildFile section */

/* Begin PBXFileReference section */
		0A40D9142FDE5E7D00F79FBC /* RutaUTP.app */ = {isa = PBXFileReference; explicitFileType = wrapper.application; includeInIndex = 0; path = RutaUTP.app; sourceTree = BUILT_PRODUCTS_DIR; };
		0A8004B5300AD9FE004E1676 /* BottomNavBar.swift */ = {isa = PBXFileReference; fileEncoding = 4; lastKnownFileType = sourcecode.swift; path = BottomNavBar.swift; sourceTree = "<group>"; };
		0A8004B6300AD9FE004E1676 /* RouteCard.swift */ = {isa = PBXFileReference; fileEncoding = 4; lastKnownFileType = sourcecode.swift; path = RouteCard.swift; sourceTree = "<group>"; };
		0A8004B7300AD9FE004E1676 /* TopAppBar.swift */ = {isa = PBXFileReference; fileEncoding = 4; lastKnownFileType = sourcecode.swift; path = TopAppBar.swift; sourceTree = "<group>"; };
		0A8004B9300AD9FE004E1676 /* Colors.swift */ = {isa = PBXFileReference; fileEncoding = 4; lastKnownFileType = sourcecode.swift; path = Colors.swift; sourceTree = "<group>"; };
		0A8004BA300AD9FE004E1676 /* Spacing.swift */ = {isa = PBXFileReference; fileEncoding = 4; lastKnownFileType = sourcecode.swift; path = Spacing.swift; sourceTree = "<group>"; };
		0A8004BB300AD9FE004E1676 /* Typography.swift */ = {isa = PBXFileReference; fileEncoding = 4; lastKnownFileType = sourcecode.swift; path = Typography.swift; sourceTree = "<group>"; };
		0A8004BD300AD9FE004E1676 /* LugarGuardado.swift */ = {isa = PBXFileReference; fileEncoding = 4; lastKnownFileType = sourcecode.swift; path = LugarGuardado.swift; sourceTree = "<group>"; };
		0A8004BE300AD9FE004E1676 /* ReporteComunidad.swift */ = {isa = PBXFileReference; fileEncoding = 4; lastKnownFileType = sourcecode.swift; path = ReporteComunidad.swift; sourceTree = "<group>"; };
		0A8004BF300AD9FE004E1676 /* Ruta.swift */ = {isa = PBXFileReference; fileEncoding = 4; lastKnownFileType = sourcecode.swift; path = Ruta.swift; sourceTree = "<group>"; };
		0A8004C1300AD9FE004E1676 /* AppRouter.swift */ = {isa = PBXFileReference; fileEncoding = 4; lastKnownFileType = sourcecode.swift; path = AppRouter.swift; sourceTree = "<group>"; };
		0A8004C2300AD9FE004E1676 /* RootView.swift */ = {isa = PBXFileReference; fileEncoding = 4; lastKnownFileType = sourcecode.swift; path = RootView.swift; sourceTree = "<group>"; };
		0A8004C4300AD9FE004E1676 /* Preview Assets.xcassets */ = {isa = PBXFileReference; lastKnownFileType = folder.assetcatalog; path = "Preview Assets.xcassets"; sourceTree = "<group>"; };
		0A8004C8300AD9FE004E1676 /* BienvenidaView.swift */ = {isa = PBXFileReference; fileEncoding = 4; lastKnownFileType = sourcecode.swift; path = BienvenidaView.swift; sourceTree = "<group>"; };
		0A8004CA300AD9FE004E1676 /* RutaMapKitView.swift */ = {isa = PBXFileReference; fileEncoding = 4; lastKnownFileType = sourcecode.swift; path = RutaMapKitView.swift; sourceTree = "<group>"; };
		0A8004CC300AD9FE004E1676 /* GuardadoView.swift */ = {isa = PBXFileReference; fileEncoding = 4; lastKnownFileType = sourcecode.swift; path = GuardadoView.swift; sourceTree = "<group>"; };
		0A8004CE300AD9FE004E1676 /* MapaView.swift */ = {isa = PBXFileReference; fileEncoding = 4; lastKnownFileType = sourcecode.swift; path = MapaView.swift; sourceTree = "<group>"; };
		0A8004CF300AD9FE004E1676 /* MapaViewModel.swift */ = {isa = PBXFileReference; fileEncoding = 4; lastKnownFileType = sourcecode.swift; path = MapaViewModel.swift; sourceTree = "<group>"; };
		0A8004D0300AD9FE004E1676 /* MapMarkers.swift */ = {isa = PBXFileReference; fileEncoding = 4; lastKnownFileType = sourcecode.swift; path = MapMarkers.swift; sourceTree = "<group>"; };
		0A8004D1300AD9FE004E1676 /* SideDrawer.swift */ = {isa = PBXFileReference; fileEncoding = 4; lastKnownFileType = sourcecode.swift; path = SideDrawer.swift; sourceTree = "<group>"; };
		0A8004D3300AD9FE004E1676 /* CarPlayNavegacionView.swift */ = {isa = PBXFileReference; fileEncoding = 4; lastKnownFileType = sourcecode.swift; path = CarPlayNavegacionView.swift; sourceTree = "<group>"; };
		0A8004D5300AD9FE004E1676 /* CarnetScannerView.swift */ = {isa = PBXFileReference; fileEncoding = 4; lastKnownFileType = sourcecode.swift; path = CarnetScannerView.swift; sourceTree = "<group>"; };
		0A8004D6300AD9FE004E1676 /* PerfilView.swift */ = {isa = PBXFileReference; fileEncoding = 4; lastKnownFileType = sourcecode.swift; path = PerfilView.swift; sourceTree = "<group>"; };
		0A8004D7300AD9FE004E1676 /* TarjetaFormSheet.swift */ = {isa = PBXFileReference; fileEncoding = 4; lastKnownFileType = sourcecode.swift; path = TarjetaFormSheet.swift; sourceTree = "<group>"; };
		0A8004D9300AD9FE004E1676 /* RutasView.swift */ = {isa = PBXFileReference; fileEncoding = 4; lastKnownFileType = sourcecode.swift; path = RutasView.swift; sourceTree = "<group>"; };
		0A8004DB300AD9FE004E1676 /* SeguridadView.swift */ = {isa = PBXFileReference; fileEncoding = 4; lastKnownFileType = sourcecode.swift; path = SeguridadView.swift; sourceTree = "<group>"; };
		0A8004DD300AD9FE004E1676 /* RouteTrackingDemoView.swift */ = {isa = PBXFileReference; fileEncoding = 4; lastKnownFileType = sourcecode.swift; path = RouteTrackingDemoView.swift; sourceTree = "<group>"; };
		0A8004DE300AD9FE004E1676 /* RouteTrackingViewModel.swift */ = {isa = PBXFileReference; fileEncoding = 4; lastKnownFileType = sourcecode.swift; path = RouteTrackingViewModel.swift; sourceTree = "<group>"; };
		0A8004E1300AD9FE004E1676 /* LocationService.swift */ = {isa = PBXFileReference; fileEncoding = 4; lastKnownFileType = sourcecode.swift; path = LocationService.swift; sourceTree = "<group>"; };
		0A8004E2300AD9FE004E1676 /* LocationServiceProtocol.swift */ = {isa = PBXFileReference; fileEncoding = 4; lastKnownFileType = sourcecode.swift; path = LocationServiceProtocol.swift; sourceTree = "<group>"; };
		0A8004E4300AD9FE004E1676 /* RouteCalculationService.swift */ = {isa = PBXFileReference; fileEncoding = 4; lastKnownFileType = sourcecode.swift; path = RouteCalculationService.swift; sourceTree = "<group>"; };
		0A8004E6300AD9FE004E1676 /* TrackingPoint.swift */ = {isa = PBXFileReference; fileEncoding = 4; lastKnownFileType = sourcecode.swift; path = TrackingPoint.swift; sourceTree = "<group>"; };
		0A8004E7300AD9FE004E1676 /* TripSession.swift */ = {isa = PBXFileReference; fileEncoding = 4; lastKnownFileType = sourcecode.swift; path = TripSession.swift; sourceTree = "<group>"; };
		0A8004E8300AD9FE004E1676 /* VehiclePosition.swift */ = {isa = PBXFileReference; fileEncoding = 4; lastKnownFileType = sourcecode.swift; path = VehiclePosition.swift; sourceTree = "<group>"; };
		0A8004EA300AD9FE004E1676 /* RealTrackingProvider.swift */ = {isa = PBXFileReference; fileEncoding = 4; lastKnownFileType = sourcecode.swift; path = RealTrackingProvider.swift; sourceTree = "<group>"; };
		0A8004EB300AD9FE004E1676 /* SimulatedTrackingProvider.swift */ = {isa = PBXFileReference; fileEncoding = 4; lastKnownFileType = sourcecode.swift; path = SimulatedTrackingProvider.swift; sourceTree = "<group>"; };
		0A8004EC300AD9FE004E1676 /* VehicleTrackingProviding.swift */ = {isa = PBXFileReference; fileEncoding = 4; lastKnownFileType = sourcecode.swift; path = VehicleTrackingProviding.swift; sourceTree = "<group>"; };
		0A8004F0300AD9FE004E1676 /* PolylineMatching.swift */ = {isa = PBXFileReference; fileEncoding = 4; lastKnownFileType = sourcecode.swift; path = PolylineMatching.swift; sourceTree = "<group>"; };
		0A8004F2300AD9FE004E1676 /* Assets.xcassets */ = {isa = PBXFileReference; lastKnownFileType = folder.assetcatalog; path = Assets.xcassets; sourceTree = "<group>"; };
		0A8004F4300AD9FE004E1676 /* README.md */ = {isa = PBXFileReference; fileEncoding = 4; lastKnownFileType = net.daringfireball.markdown; path = README.md; sourceTree = "<group>"; };
		0A8004F5300AD9FE004E1676 /* RutaUTPApp.swift */ = {isa = PBXFileReference; fileEncoding = 4; lastKnownFileType = sourcecode.swift; path = RutaUTPApp.swift; sourceTree = "<group>"; };
		AA6600000000000000000A02 /* GTFSCSV.swift */ = {isa = PBXFileReference; fileEncoding = 4; lastKnownFileType = sourcecode.swift; path = GTFSCSV.swift; sourceTree = "<group>"; };
		AA6600000000000000000A01 /* GTFSModels.swift */ = {isa = PBXFileReference; fileEncoding = 4; lastKnownFileType = sourcecode.swift; path = GTFSModels.swift; sourceTree = "<group>"; };
		AA6600000000000000000A03 /* GTFSRepository.swift */ = {isa = PBXFileReference; fileEncoding = 4; lastKnownFileType = sourcecode.swift; path = GTFSRepository.swift; sourceTree = "<group>"; };
		AA6600000000000000000A04 /* ExploradorRutaView.swift */ = {isa = PBXFileReference; fileEncoding = 4; lastKnownFileType = sourcecode.swift; path = ExploradorRutaView.swift; sourceTree = "<group>"; };
		AA6600000000000000000A05 /* NavegacionRutaView.swift */ = {isa = PBXFileReference; fileEncoding = 4; lastKnownFileType = sourcecode.swift; path = NavegacionRutaView.swift; sourceTree = "<group>"; };
		AA6600000000000000000A06 /* ParaderosIluminadosView.swift */ = {isa = PBXFileReference; fileEncoding = 4; lastKnownFileType = sourcecode.swift; path = ParaderosIluminadosView.swift; sourceTree = "<group>"; };
		AA6600000000000000000F01 /* Idioma.swift */ = {isa = PBXFileReference; fileEncoding = 4; lastKnownFileType = sourcecode.swift; path = Idioma.swift; sourceTree = "<group>"; };
		AA6600000000000000000D01 /* gtfs */ = {isa = PBXFileReference; lastKnownFileType = folder; path = gtfs; sourceTree = "<group>"; };
/* End PBXFileReference section */

/* Begin PBXFrameworksBuildPhase section */
		0A40D9112FDE5E7D00F79FBC /* Frameworks */ = {
			isa = PBXFrameworksBuildPhase;
			buildActionMask = 2147483647;
			files = (
			);
			runOnlyForDeploymentPostprocessing = 0;
		};
/* End PBXFrameworksBuildPhase section */

/* Begin PBXGroup section */
		0A40D90B2FDE5E7D00F79FBC = {
			isa = PBXGroup;
			children = (
				0A8004F6300AD9FE004E1676 /* RutaUTP */,
				AA6600000000000000000D01 /* gtfs */,
				0A40D9152FDE5E7D00F79FBC /* Products */,
			);
			sourceTree = "<group>";
		};
		0A40D9152FDE5E7D00F79FBC /* Products */ = {
			isa = PBXGroup;
			children = (
				0A40D9142FDE5E7D00F79FBC /* RutaUTP.app */,
			);
			name = Products;
			sourceTree = "<group>";
		};
		0A8004B8300AD9FE004E1676 /* Components */ = {
			isa = PBXGroup;
			children = (
				0A8004B5300AD9FE004E1676 /* BottomNavBar.swift */,
				0A8004B6300AD9FE004E1676 /* RouteCard.swift */,
				0A8004B7300AD9FE004E1676 /* TopAppBar.swift */,
			);
			path = Components;
			sourceTree = "<group>";
		};
		0A8004BC300AD9FE004E1676 /* Design */ = {
			isa = PBXGroup;
			children = (
				0A8004B8300AD9FE004E1676 /* Components */,
				0A8004B9300AD9FE004E1676 /* Colors.swift */,
				0A8004BA300AD9FE004E1676 /* Spacing.swift */,
				0A8004BB300AD9FE004E1676 /* Typography.swift */,
			);
			path = Design;
			sourceTree = "<group>";
		};
		0A8004C0300AD9FE004E1676 /* Models */ = {
			isa = PBXGroup;
			children = (
				0A8004BD300AD9FE004E1676 /* LugarGuardado.swift */,
				0A8004BE300AD9FE004E1676 /* ReporteComunidad.swift */,
				0A8004BF300AD9FE004E1676 /* Ruta.swift */,
			);
			path = Models;
			sourceTree = "<group>";
		};
		0A8004C3300AD9FE004E1676 /* Navigation */ = {
			isa = PBXGroup;
			children = (
				0A8004C1300AD9FE004E1676 /* AppRouter.swift */,
				0A8004C2300AD9FE004E1676 /* RootView.swift */,
			);
			path = Navigation;
			sourceTree = "<group>";
		};
		0A8004C5300AD9FE004E1676 /* Preview Content */ = {
			isa = PBXGroup;
			children = (
				0A8004C4300AD9FE004E1676 /* Preview Assets.xcassets */,
			);
			path = "Preview Content";
			sourceTree = "<group>";
		};
		0A8004C9300AD9FE004E1676 /* Bienvenida */ = {
			isa = PBXGroup;
			children = (
				0A8004C8300AD9FE004E1676 /* BienvenidaView.swift */,
			);
			path = Bienvenida;
			sourceTree = "<group>";
		};
		0A8004CB300AD9FE004E1676 /* DetalleRuta */ = {
			isa = PBXGroup;
			children = (
				0A8004CA300AD9FE004E1676 /* RutaMapKitView.swift */,
				AA6600000000000000000A04 /* ExploradorRutaView.swift */,
				AA6600000000000000000A05 /* NavegacionRutaView.swift */,
			);
			path = DetalleRuta;
			sourceTree = "<group>";
		};
		0A8004CD300AD9FE004E1676 /* Guardado */ = {
			isa = PBXGroup;
			children = (
				0A8004CC300AD9FE004E1676 /* GuardadoView.swift */,
			);
			path = Guardado;
			sourceTree = "<group>";
		};
		0A8004D2300AD9FE004E1676 /* Mapa */ = {
			isa = PBXGroup;
			children = (
				0A8004CE300AD9FE004E1676 /* MapaView.swift */,
				0A8004CF300AD9FE004E1676 /* MapaViewModel.swift */,
				0A8004D0300AD9FE004E1676 /* MapMarkers.swift */,
				0A8004D1300AD9FE004E1676 /* SideDrawer.swift */,
			);
			path = Mapa;
			sourceTree = "<group>";
		};
		0A8004D4300AD9FE004E1676 /* Navigation */ = {
			isa = PBXGroup;
			children = (
				0A8004D3300AD9FE004E1676 /* CarPlayNavegacionView.swift */,
			);
			path = Navigation;
			sourceTree = "<group>";
		};
		0A8004D8300AD9FE004E1676 /* Perfil */ = {
			isa = PBXGroup;
			children = (
				0A8004D5300AD9FE004E1676 /* CarnetScannerView.swift */,
				0A8004D6300AD9FE004E1676 /* PerfilView.swift */,
				0A8004D7300AD9FE004E1676 /* TarjetaFormSheet.swift */,
			);
			path = Perfil;
			sourceTree = "<group>";
		};
		0A8004DA300AD9FE004E1676 /* Rutas */ = {
			isa = PBXGroup;
			children = (
				0A8004D9300AD9FE004E1676 /* RutasView.swift */,
			);
			path = Rutas;
			sourceTree = "<group>";
		};
		0A8004DC300AD9FE004E1676 /* Seguridad */ = {
			isa = PBXGroup;
			children = (
				0A8004DB300AD9FE004E1676 /* SeguridadView.swift */,
				AA6600000000000000000A06 /* ParaderosIluminadosView.swift */,
			);
			path = Seguridad;
			sourceTree = "<group>";
		};
		0A8004DF300AD9FE004E1676 /* Tracking */ = {
			isa = PBXGroup;
			children = (
				0A8004DD300AD9FE004E1676 /* RouteTrackingDemoView.swift */,
				0A8004DE300AD9FE004E1676 /* RouteTrackingViewModel.swift */,
			);
			path = Tracking;
			sourceTree = "<group>";
		};
		0A8004E0300AD9FE004E1676 /* Screens */ = {
			isa = PBXGroup;
			children = (
				0A8004C9300AD9FE004E1676 /* Bienvenida */,
				0A8004CB300AD9FE004E1676 /* DetalleRuta */,
				0A8004CD300AD9FE004E1676 /* Guardado */,
				0A8004D2300AD9FE004E1676 /* Mapa */,
				0A8004D4300AD9FE004E1676 /* Navigation */,
				0A8004D8300AD9FE004E1676 /* Perfil */,
				0A8004DA300AD9FE004E1676 /* Rutas */,
				0A8004DC300AD9FE004E1676 /* Seguridad */,
				0A8004DF300AD9FE004E1676 /* Tracking */,
			);
			path = Screens;
			sourceTree = "<group>";
		};
		0A8004E3300AD9FE004E1676 /* Location */ = {
			isa = PBXGroup;
			children = (
				0A8004E1300AD9FE004E1676 /* LocationService.swift */,
				0A8004E2300AD9FE004E1676 /* LocationServiceProtocol.swift */,
			);
			path = Location;
			sourceTree = "<group>";
		};
		0A8004E5300AD9FE004E1676 /* Routing */ = {
			isa = PBXGroup;
			children = (
				0A8004E4300AD9FE004E1676 /* RouteCalculationService.swift */,
			);
			path = Routing;
			sourceTree = "<group>";
		};
		0A8004E9300AD9FE004E1676 /* Models */ = {
			isa = PBXGroup;
			children = (
				0A8004E6300AD9FE004E1676 /* TrackingPoint.swift */,
				0A8004E7300AD9FE004E1676 /* TripSession.swift */,
				0A8004E8300AD9FE004E1676 /* VehiclePosition.swift */,
			);
			path = Models;
			sourceTree = "<group>";
		};
		0A8004ED300AD9FE004E1676 /* Providers */ = {
			isa = PBXGroup;
			children = (
				0A8004EA300AD9FE004E1676 /* RealTrackingProvider.swift */,
				0A8004EB300AD9FE004E1676 /* SimulatedTrackingProvider.swift */,
				0A8004EC300AD9FE004E1676 /* VehicleTrackingProviding.swift */,
			);
			path = Providers;
			sourceTree = "<group>";
		};
		0A8004EE300AD9FE004E1676 /* Tracking */ = {
			isa = PBXGroup;
			children = (
				0A8004E9300AD9FE004E1676 /* Models */,
				0A8004ED300AD9FE004E1676 /* Providers */,
			);
			path = Tracking;
			sourceTree = "<group>";
		};
		0A8004EF300AD9FE004E1676 /* Services */ = {
			isa = PBXGroup;
			children = (
				AA6600000000000000000C01 /* GTFS */,
				0A8004E3300AD9FE004E1676 /* Location */,
				0A8004E5300AD9FE004E1676 /* Routing */,
				0A8004EE300AD9FE004E1676 /* Tracking */,
			);
			path = Services;
			sourceTree = "<group>";
		};
		0A8004F1300AD9FE004E1676 /* Utils */ = {
			isa = PBXGroup;
			children = (
				0A8004F0300AD9FE004E1676 /* PolylineMatching.swift */,
				AA6600000000000000000F01 /* Idioma.swift */,
			);
			path = Utils;
			sourceTree = "<group>";
		};
		0A8004F6300AD9FE004E1676 /* RutaUTP */ = {
			isa = PBXGroup;
			children = (
				0A8004BC300AD9FE004E1676 /* Design */,
				0A8004C0300AD9FE004E1676 /* Models */,
				0A8004C3300AD9FE004E1676 /* Navigation */,
				0A8004C5300AD9FE004E1676 /* Preview Content */,
				0A8004C7300AD9FE004E1676 /* Resources */,
				0A8004E0300AD9FE004E1676 /* Screens */,
				0A8004EF300AD9FE004E1676 /* Services */,
				0A8004F1300AD9FE004E1676 /* Utils */,
				0A8004F2300AD9FE004E1676 /* Assets.xcassets */,
				0A8004F4300AD9FE004E1676 /* README.md */,
				0A8004F5300AD9FE004E1676 /* RutaUTPApp.swift */,
			);
			path = RutaUTP;
			sourceTree = "<group>";
		};
		AA6600000000000000000C01 /* GTFS */ = {
			isa = PBXGroup;
			children = (
				AA6600000000000000000A01 /* GTFSModels.swift */,
				AA6600000000000000000A02 /* GTFSCSV.swift */,
				AA6600000000000000000A03 /* GTFSRepository.swift */,
			);
			path = GTFS;
			sourceTree = "<group>";
		};
/* End PBXGroup section */

/* Begin PBXNativeTarget section */
		0A40D9132FDE5E7D00F79FBC /* RutaUTP */ = {
			isa = PBXNativeTarget;
			buildConfigurationList = 0A40D9222FDE5E7F00F79FBC /* Build configuration list for PBXNativeTarget "RutaUTP" */;
			buildPhases = (
				0A40D9102FDE5E7D00F79FBC /* Sources */,
				0A40D9112FDE5E7D00F79FBC /* Frameworks */,
				0A40D9122FDE5E7D00F79FBC /* Resources */,
			);
			buildRules = (
			);
			dependencies = (
			);
			name = RutaUTP;
			productName = RutaUTP;
			productReference = 0A40D9142FDE5E7D00F79FBC /* RutaUTP.app */;
			productType = "com.apple.product-type.application";
		};
/* End PBXNativeTarget section */

/* Begin PBXProject section */
		0A40D90C2FDE5E7D00F79FBC /* Project object */ = {
			isa = PBXProject;
			attributes = {
				BuildIndependentTargetsInParallel = 1;
				LastSwiftUpdateCheck = 1540;
				LastUpgradeCheck = 1540;
				TargetAttributes = {
					0A40D9132FDE5E7D00F79FBC = {
						CreatedOnToolsVersion = 15.4;
					};
				};
			};
			buildConfigurationList = 0A40D90F2FDE5E7D00F79FBC /* Build configuration list for PBXProject "RutaUTP" */;
			compatibilityVersion = "Xcode 14.0";
			developmentRegion = en;
			hasScannedForEncodings = 0;
			knownRegions = (
				en,
				Base,
			);
			mainGroup = 0A40D90B2FDE5E7D00F79FBC;
			productRefGroup = 0A40D9152FDE5E7D00F79FBC /* Products */;
			projectDirPath = "";
			projectRoot = "";
			targets = (
				0A40D9132FDE5E7D00F79FBC /* RutaUTP */,
			);
		};
/* End PBXProject section */

/* Begin PBXResourcesBuildPhase section */
		0A40D9122FDE5E7D00F79FBC /* Resources */ = {
			isa = PBXResourcesBuildPhase;
			buildActionMask = 2147483647;
			files = (
				0A800502300AD9FE004E1676 /* Preview Assets.xcassets in Resources */,
				0A80051D300AD9FE004E1676 /* Assets.xcassets in Resources */,
				0A80051F300AD9FE004E1676 /* README.md in Resources */,
				AA6600000000000000000D02 /* gtfs in Resources */,
			);
			runOnlyForDeploymentPostprocessing = 0;
		};
/* End PBXResourcesBuildPhase section */

/* Begin PBXSourcesBuildPhase section */
		0A40D9102FDE5E7D00F79FBC /* Sources */ = {
			isa = PBXSourcesBuildPhase;
			buildActionMask = 2147483647;
			files = (
				0A8004F7300AD9FE004E1676 /* BottomNavBar.swift in Sources */,
				AA6600000000000000000B01 /* GTFSModels.swift in Sources */,
				AA6600000000000000000B02 /* GTFSCSV.swift in Sources */,
				AA6600000000000000000B03 /* GTFSRepository.swift in Sources */,
				AA6600000000000000000B04 /* ExploradorRutaView.swift in Sources */,
				AA6600000000000000000B05 /* NavegacionRutaView.swift in Sources */,
				AA6600000000000000000B06 /* ParaderosIluminadosView.swift in Sources */,
				AA6600000000000000000F02 /* Idioma.swift in Sources */,
				0A800505300AD9FE004E1676 /* RutaMapKitView.swift in Sources */,
				0A80050F300AD9FE004E1676 /* RutasView.swift in Sources */,
				0A800518300AD9FE004E1676 /* VehiclePosition.swift in Sources */,
				0A800515300AD9FE004E1676 /* RouteCalculationService.swift in Sources */,
				0A800506300AD9FE004E1676 /* GuardadoView.swift in Sources */,
				0A80051B300AD9FE004E1676 /* VehicleTrackingProviding.swift in Sources */,
				0A800520300AD9FE004E1676 /* RutaUTPApp.swift in Sources */,
				0A800508300AD9FE004E1676 /* MapaViewModel.swift in Sources */,
				0A8004F9300AD9FE004E1676 /* TopAppBar.swift in Sources */,
				0A8004FD300AD9FE004E1676 /* LugarGuardado.swift in Sources */,
				0A80050B300AD9FE004E1676 /* CarPlayNavegacionView.swift in Sources */,
				0A80051A300AD9FE004E1676 /* SimulatedTrackingProvider.swift in Sources */,
				0A800517300AD9FE004E1676 /* TripSession.swift in Sources */,
				0A800513300AD9FE004E1676 /* LocationService.swift in Sources */,
				0A800500300AD9FE004E1676 /* AppRouter.swift in Sources */,
				0A8004FB300AD9FE004E1676 /* Spacing.swift in Sources */,
				0A80050C300AD9FE004E1676 /* CarnetScannerView.swift in Sources */,
				0A800511300AD9FE004E1676 /* RouteTrackingDemoView.swift in Sources */,
				0A8004FA300AD9FE004E1676 /* Colors.swift in Sources */,
				0A8004FE300AD9FE004E1676 /* ReporteComunidad.swift in Sources */,
				0A800514300AD9FE004E1676 /* LocationServiceProtocol.swift in Sources */,
				0A80050A300AD9FE004E1676 /* SideDrawer.swift in Sources */,
				0A8004FF300AD9FE004E1676 /* Ruta.swift in Sources */,
				0A800512300AD9FE004E1676 /* RouteTrackingViewModel.swift in Sources */,
				0A8004F8300AD9FE004E1676 /* RouteCard.swift in Sources */,
				0A80050D300AD9FE004E1676 /* PerfilView.swift in Sources */,
				0A800516300AD9FE004E1676 /* TrackingPoint.swift in Sources */,
				0A8004FC300AD9FE004E1676 /* Typography.swift in Sources */,
				0A80050E300AD9FE004E1676 /* TarjetaFormSheet.swift in Sources */,
				0A800501300AD9FE004E1676 /* RootView.swift in Sources */,
				0A800509300AD9FE004E1676 /* MapMarkers.swift in Sources */,
				0A800507300AD9FE004E1676 /* MapaView.swift in Sources */,
				0A800504300AD9FE004E1676 /* BienvenidaView.swift in Sources */,
				0A800510300AD9FE004E1676 /* SeguridadView.swift in Sources */,
				0A800519300AD9FE004E1676 /* RealTrackingProvider.swift in Sources */,
				0A80051C300AD9FE004E1676 /* PolylineMatching.swift in Sources */,
			);
			runOnlyForDeploymentPostprocessing = 0;
		};
/* End PBXSourcesBuildPhase section */

/* Begin XCBuildConfiguration section */
		0A40D9202FDE5E7F00F79FBC /* Debug */ = {
			isa = XCBuildConfiguration;
			buildSettings = {
				ALWAYS_SEARCH_USER_PATHS = NO;
				ASSETCATALOG_COMPILER_GENERATE_SWIFT_ASSET_SYMBOL_EXTENSIONS = YES;
				CLANG_ANALYZER_NONNULL = YES;
				CLANG_ANALYZER_NUMBER_OBJECT_CONVERSION = YES_AGGRESSIVE;
				CLANG_CXX_LANGUAGE_STANDARD = "gnu++20";
				CLANG_ENABLE_MODULES = YES;
				CLANG_ENABLE_OBJC_ARC = YES;
				CLANG_ENABLE_OBJC_WEAK = YES;
				CLANG_WARN_BLOCK_CAPTURE_AUTORELEASING = YES;
				CLANG_WARN_BOOL_CONVERSION = YES;
				CLANG_WARN_COMMA = YES;
				CLANG_WARN_CONSTANT_CONVERSION = YES;
				CLANG_WARN_DEPRECATED_OBJC_IMPLEMENTATIONS = YES;
				CLANG_WARN_DIRECT_OBJC_ISA_USAGE = YES_ERROR;
				CLANG_WARN_DOCUMENTATION_COMMENTS = YES;
				CLANG_WARN_EMPTY_BODY = YES;
				CLANG_WARN_ENUM_CONVERSION = YES;
				CLANG_WARN_INFINITE_RECURSION = YES;
				CLANG_WARN_INT_CONVERSION = YES;
				CLANG_WARN_NON_LITERAL_NULL_CONVERSION = YES;
				CLANG_WARN_OBJC_IMPLICIT_RETAIN_SELF = YES;
				CLANG_WARN_OBJC_LITERAL_CONVERSION = YES;
				CLANG_WARN_OBJC_ROOT_CLASS = YES_ERROR;
				CLANG_WARN_QUOTED_INCLUDE_IN_FRAMEWORK_HEADER = YES;
				CLANG_WARN_RANGE_LOOP_ANALYSIS = YES;
				CLANG_WARN_STRICT_PROTOTYPES = YES;
				CLANG_WARN_SUSPICIOUS_MOVE = YES;
				CLANG_WARN_UNGUARDED_AVAILABILITY = YES_AGGRESSIVE;
				CLANG_WARN_UNREACHABLE_CODE = YES;
				CLANG_WARN__DUPLICATE_METHOD_MATCH = YES;
				COPY_PHASE_STRIP = NO;
				DEBUG_INFORMATION_FORMAT = dwarf;
				ENABLE_STRICT_OBJC_MSGSEND = YES;
				ENABLE_TESTABILITY = YES;
				ENABLE_USER_SCRIPT_SANDBOXING = YES;
				GCC_C_LANGUAGE_STANDARD = gnu17;
				GCC_DYNAMIC_NO_PIC = NO;
				GCC_NO_COMMON_BLOCKS = YES;
				GCC_OPTIMIZATION_LEVEL = 0;
				GCC_PREPROCESSOR_DEFINITIONS = (
					"DEBUG=1",
					"$(inherited)",
				);
				GCC_WARN_64_TO_32_BIT_CONVERSION = YES;
				GCC_WARN_ABOUT_RETURN_TYPE = YES_ERROR;
				GCC_WARN_UNDECLARED_SELECTOR = YES;
				GCC_WARN_UNINITIALIZED_AUTOS = YES_AGGRESSIVE;
				GCC_WARN_UNUSED_FUNCTION = YES;
				GCC_WARN_UNUSED_VARIABLE = YES;
				IPHONEOS_DEPLOYMENT_TARGET = 17.5;
				LOCALIZATION_PREFERS_STRING_CATALOGS = YES;
				MTL_ENABLE_DEBUG_INFO = INCLUDE_SOURCE;
				MTL_FAST_MATH = YES;
				ONLY_ACTIVE_ARCH = YES;
				SDKROOT = iphoneos;
				SWIFT_ACTIVE_COMPILATION_CONDITIONS = "DEBUG $(inherited)";
				SWIFT_OPTIMIZATION_LEVEL = "-Onone";
			};
			name = Debug;
		};
		0A40D9212FDE5E7F00F79FBC /* Release */ = {
			isa = XCBuildConfiguration;
			buildSettings = {
				ALWAYS_SEARCH_USER_PATHS = NO;
				ASSETCATALOG_COMPILER_GENERATE_SWIFT_ASSET_SYMBOL_EXTENSIONS = YES;
				CLANG_ANALYZER_NONNULL = YES;
				CLANG_ANALYZER_NUMBER_OBJECT_CONVERSION = YES_AGGRESSIVE;
				CLANG_CXX_LANGUAGE_STANDARD = "gnu++20";
				CLANG_ENABLE_MODULES = YES;
				CLANG_ENABLE_OBJC_ARC = YES;
				CLANG_ENABLE_OBJC_WEAK = YES;
				CLANG_WARN_BLOCK_CAPTURE_AUTORELEASING = YES;
				CLANG_WARN_BOOL_CONVERSION = YES;
				CLANG_WARN_COMMA = YES;
				CLANG_WARN_CONSTANT_CONVERSION = YES;
				CLANG_WARN_DEPRECATED_OBJC_IMPLEMENTATIONS = YES;
				CLANG_WARN_DIRECT_OBJC_ISA_USAGE = YES_ERROR;
				CLANG_WARN_DOCUMENTATION_COMMENTS = YES;
				CLANG_WARN_EMPTY_BODY = YES;
				CLANG_WARN_ENUM_CONVERSION = YES;
				CLANG_WARN_INFINITE_RECURSION = YES;
				CLANG_WARN_INT_CONVERSION = YES;
				CLANG_WARN_NON_LITERAL_NULL_CONVERSION = YES;
				CLANG_WARN_OBJC_IMPLICIT_RETAIN_SELF = YES;
				CLANG_WARN_OBJC_LITERAL_CONVERSION = YES;
				CLANG_WARN_OBJC_ROOT_CLASS = YES_ERROR;
				CLANG_WARN_QUOTED_INCLUDE_IN_FRAMEWORK_HEADER = YES;
				CLANG_WARN_RANGE_LOOP_ANALYSIS = YES;
				CLANG_WARN_STRICT_PROTOTYPES = YES;
				CLANG_WARN_SUSPICIOUS_MOVE = YES;
				CLANG_WARN_UNGUARDED_AVAILABILITY = YES_AGGRESSIVE;
				CLANG_WARN_UNREACHABLE_CODE = YES;
				CLANG_WARN__DUPLICATE_METHOD_MATCH = YES;
				COPY_PHASE_STRIP = NO;
				DEBUG_INFORMATION_FORMAT = "dwarf-with-dsym";
				ENABLE_NS_ASSERTIONS = NO;
				ENABLE_STRICT_OBJC_MSGSEND = YES;
				ENABLE_USER_SCRIPT_SANDBOXING = YES;
				GCC_C_LANGUAGE_STANDARD = gnu17;
				GCC_NO_COMMON_BLOCKS = YES;
				GCC_WARN_64_TO_32_BIT_CONVERSION = YES;
				GCC_WARN_ABOUT_RETURN_TYPE = YES_ERROR;
				GCC_WARN_UNDECLARED_SELECTOR = YES;
				GCC_WARN_UNINITIALIZED_AUTOS = YES_AGGRESSIVE;
				GCC_WARN_UNUSED_FUNCTION = YES;
				GCC_WARN_UNUSED_VARIABLE = YES;
				IPHONEOS_DEPLOYMENT_TARGET = 17.5;
				LOCALIZATION_PREFERS_STRING_CATALOGS = YES;
				MTL_ENABLE_DEBUG_INFO = NO;
				MTL_FAST_MATH = YES;
				SDKROOT = iphoneos;
				SWIFT_COMPILATION_MODE = wholemodule;
				VALIDATE_PRODUCT = YES;
			};
			name = Release;
		};
		0A40D9232FDE5E7F00F79FBC /* Debug */ = {
			isa = XCBuildConfiguration;
			buildSettings = {
				ASSETCATALOG_COMPILER_APPICON_NAME = AppIcon;
				ASSETCATALOG_COMPILER_GLOBAL_ACCENT_COLOR_NAME = AccentColor;
				CODE_SIGN_STYLE = Automatic;
				CURRENT_PROJECT_VERSION = 1;
				DEVELOPMENT_ASSET_PATHS = "\"RutaUTP/Preview Content\"";
				DEVELOPMENT_TEAM = 2DB6N5Q47S;
				ENABLE_PREVIEWS = YES;
				GENERATE_INFOPLIST_FILE = YES;
				INFOPLIST_FILE = RutaUTP/Info.plist;
				INFOPLIST_KEY_NSCameraUsageDescription = "Necesitamos acceso a la camara para escanear tu carnet universitario";
				INFOPLIST_KEY_UIApplicationSceneManifest_Generation = YES;
				INFOPLIST_KEY_UIApplicationSupportsIndirectInputEvents = YES;
				INFOPLIST_KEY_UILaunchScreen_Generation = YES;
				INFOPLIST_KEY_UISupportedInterfaceOrientations_iPad = "UIInterfaceOrientationPortrait UIInterfaceOrientationPortraitUpsideDown UIInterfaceOrientationLandscapeLeft UIInterfaceOrientationLandscapeRight";
				INFOPLIST_KEY_UISupportedInterfaceOrientations_iPhone = "UIInterfaceOrientationPortrait UIInterfaceOrientationLandscapeLeft UIInterfaceOrientationLandscapeRight";
				LD_RUNPATH_SEARCH_PATHS = (
					"$(inherited)",
					"@executable_path/Frameworks",
				);
				MARKETING_VERSION = 1.0;
				PRODUCT_BUNDLE_IDENTIFIER = apolito.RutaUTP;
				PRODUCT_NAME = "$(TARGET_NAME)";
				SWIFT_EMIT_LOC_STRINGS = YES;
				SWIFT_VERSION = 5.0;
				TARGETED_DEVICE_FAMILY = "1,2";
			};
			name = Debug;
		};
		0A40D9242FDE5E7F00F79FBC /* Release */ = {
			isa = XCBuildConfiguration;
			buildSettings = {
				ASSETCATALOG_COMPILER_APPICON_NAME = AppIcon;
				ASSETCATALOG_COMPILER_GLOBAL_ACCENT_COLOR_NAME = AccentColor;
				CODE_SIGN_STYLE = Automatic;
				CURRENT_PROJECT_VERSION = 1;
				DEVELOPMENT_ASSET_PATHS = "\"RutaUTP/Preview Content\"";
				DEVELOPMENT_TEAM = 2DB6N5Q47S;
				ENABLE_PREVIEWS = YES;
				GENERATE_INFOPLIST_FILE = YES;
				INFOPLIST_FILE = RutaUTP/Info.plist;
				INFOPLIST_KEY_NSCameraUsageDescription = "Necesitamos acceso a la camara para escanear tu carnet universitario";
				INFOPLIST_KEY_UIApplicationSceneManifest_Generation = YES;
				INFOPLIST_KEY_UIApplicationSupportsIndirectInputEvents = YES;
				INFOPLIST_KEY_UILaunchScreen_Generation = YES;
				INFOPLIST_KEY_UISupportedInterfaceOrientations_iPad = "UIInterfaceOrientationPortrait UIInterfaceOrientationPortraitUpsideDown UIInterfaceOrientationLandscapeLeft UIInterfaceOrientationLandscapeRight";
				INFOPLIST_KEY_UISupportedInterfaceOrientations_iPhone = "UIInterfaceOrientationPortrait UIInterfaceOrientationLandscapeLeft UIInterfaceOrientationLandscapeRight";
				LD_RUNPATH_SEARCH_PATHS = (
					"$(inherited)",
					"@executable_path/Frameworks",
				);
				MARKETING_VERSION = 1.0;
				PRODUCT_BUNDLE_IDENTIFIER = apolito.RutaUTP;
				PRODUCT_NAME = "$(TARGET_NAME)";
				SWIFT_EMIT_LOC_STRINGS = YES;
				SWIFT_VERSION = 5.0;
				TARGETED_DEVICE_FAMILY = "1,2";
			};
			name = Release;
		};
/* End XCBuildConfiguration section */

/* Begin XCConfigurationList section */
		0A40D90F2FDE5E7D00F79FBC /* Build configuration list for PBXProject "RutaUTP" */ = {
			isa = XCConfigurationList;
			buildConfigurations = (
				0A40D9202FDE5E7F00F79FBC /* Debug */,
				0A40D9212FDE5E7F00F79FBC /* Release */,
			);
			defaultConfigurationIsVisible = 0;
			defaultConfigurationName = Release;
		};
		0A40D9222FDE5E7F00F79FBC /* Build configuration list for PBXNativeTarget "RutaUTP" */ = {
			isa = XCConfigurationList;
			buildConfigurations = (
				0A40D9232FDE5E7F00F79FBC /* Debug */,
				0A40D9242FDE5E7F00F79FBC /* Release */,
			);
			defaultConfigurationIsVisible = 0;
			defaultConfigurationName = Release;
		};
/* End XCConfigurationList section */
	};
	rootObject = 0A40D90C2FDE5E7D00F79FBC /* Project object */;
}
