// !$*UTF8*$!
{
	archiveVersion = 1;
	classes = {
	};
	objectVersion = 56;
	objects = {

/* Begin PBXBuildFile section */
		BB9900000000000000000022 /* OccupancyTests.swift in Sources */ = {isa = PBXBuildFile; fileRef = BB9900000000000000000021 /* OccupancyTests.swift */; };
		BB9900000000000000000012 /* BusOccupancyPanel.swift in Sources */ = {isa = PBXBuildFile; fileRef = BB9900000000000000000011 /* BusOccupancyPanel.swift */; };
		BB9900000000000000000002 /* OccupancyService.swift in Sources */ = {isa = PBXBuildFile; fileRef = BB9900000000000000000001 /* OccupancyService.swift */; };
		BA9900000000000000000012 /* RouteChangesSheet.swift in Sources */ = {isa = PBXBuildFile; fileRef = BA9900000000000000000011 /* RouteChangesSheet.swift */; };
		BA9900000000000000000002 /* RouteChangesService.swift in Sources */ = {isa = PBXBuildFile; fileRef = BA9900000000000000000001 /* RouteChangesService.swift */; };
		0A80043F300AD9FE004E1676 /* MonederoStore.swift in Sources */ = {isa = PBXBuildFile; fileRef = 0A80043E300AD9FE004E1676 /* MonederoStore.swift */; };
		0A800441300AD9FE004E1676 /* MonederoView.swift in Sources */ = {isa = PBXBuildFile; fileRef = 0A800440300AD9FE004E1676 /* MonederoView.swift */; };
		AA9900000000000000000A02 /* PagoQR.swift in Sources */ = {isa = PBXBuildFile; fileRef = AA9900000000000000000A01 /* PagoQR.swift */; };
		AA9900000000000000000A04 /* EscanerQRView.swift in Sources */ = {isa = PBXBuildFile; fileRef = AA9900000000000000000A03 /* EscanerQRView.swift */; };
		0A80043C300AD9FE004E1676 /* AvisoRutaAproximada.swift in Sources */ = {isa = PBXBuildFile; fileRef = 0A80043B300AD9FE004E1676 /* AvisoRutaAproximada.swift */; };
		0A80043A300AD9FE004E1676 /* OfflineMapSheet.swift in Sources */ = {isa = PBXBuildFile; fileRef = 0A800439300AD9FE004E1676 /* OfflineMapSheet.swift */; };
		0A800438300AD9FE004E1676 /* RejillaEspacial.swift in Sources */ = {isa = PBXBuildFile; fileRef = 0A800437300AD9FE004E1676 /* RejillaEspacial.swift */; };
		0A800401300AD9FE004E1676 /* DestinosFijos.swift in Sources */ = {isa = PBXBuildFile; fileRef = 0A800400300AD9FE004E1676 /* DestinosFijos.swift */; };
		0A800436300AD9FE004E1676 /* FormularioReporte.swift in Sources */ = {isa = PBXBuildFile; fileRef = 0A800435300AD9FE004E1676 /* FormularioReporte.swift */; };
		0A800434300AD9FE004E1676 /* SeguridadLugaresModel.swift in Sources */ = {isa = PBXBuildFile; fileRef = 0A800433300AD9FE004E1676 /* SeguridadLugaresModel.swift */; };
		0A800432300AD9FE004E1676 /* LugaresStore.swift in Sources */ = {isa = PBXBuildFile; fileRef = 0A800431300AD9FE004E1676 /* LugaresStore.swift */; };
		0A800430300AD9FE004E1676 /* SeguridadLugares.swift in Sources */ = {isa = PBXBuildFile; fileRef = 0A80042F300AD9FE004E1676 /* SeguridadLugares.swift */; };
		0A80042E300AD9FE004E1676 /* SeguridadZonas.swift in Sources */ = {isa = PBXBuildFile; fileRef = 0A80042D300AD9FE004E1676 /* SeguridadZonas.swift */; };
		0A80042C300AD9FE004E1676 /* SeguridadComunidad.swift in Sources */ = {isa = PBXBuildFile; fileRef = 0A80042B300AD9FE004E1676 /* SeguridadComunidad.swift */; };
		0A80042A300AD9FE004E1676 /* ProfileImageStore.swift in Sources */ = {isa = PBXBuildFile; fileRef = 0A800429300AD9FE004E1676 /* ProfileImageStore.swift */; };
		0A800428300AD9FE004E1676 /* ImagePicker.swift in Sources */ = {isa = PBXBuildFile; fileRef = 0A800427300AD9FE004E1676 /* ImagePicker.swift */; };
		0A800426300AD9FE004E1676 /* DatosPersonalesSheet.swift in Sources */ = {isa = PBXBuildFile; fileRef = 0A800425300AD9FE004E1676 /* DatosPersonalesSheet.swift */; };
		0A800424300AD9FE004E1676 /* DrawerSheets.swift in Sources */ = {isa = PBXBuildFile; fileRef = 0A800423300AD9FE004E1676 /* DrawerSheets.swift */; };
		0A800415300AD9FE004E1676 /* RutaUTPTests.swift in Sources */ = {isa = PBXBuildFile; fileRef = 0A800416300AD9FE004E1676 /* RutaUTPTests.swift */; };
		0A8004F7300AD9FE004E1676 /* BottomNavBar.swift in Sources */ = {isa = PBXBuildFile; fileRef = 0A8004B5300AD9FE004E1676 /* BottomNavBar.swift */; };
		0A8004FA300AD9FE004E1676 /* Colors.swift in Sources */ = {isa = PBXBuildFile; fileRef = 0A8004B9300AD9FE004E1676 /* Colors.swift */; };
		0A8004FB300AD9FE004E1676 /* Spacing.swift in Sources */ = {isa = PBXBuildFile; fileRef = 0A8004BA300AD9FE004E1676 /* Spacing.swift */; };
		0A800411300AD9FE004E1676 /* AppHaptics.swift in Sources */ = {isa = PBXBuildFile; fileRef = 0A800410300AD9FE004E1676 /* AppHaptics.swift */; };
		0A800413300AD9FE004E1676 /* Persistencia.swift in Sources */ = {isa = PBXBuildFile; fileRef = 0A800412300AD9FE004E1676 /* Persistencia.swift */; };
		0A8004FC300AD9FE004E1676 /* Typography.swift in Sources */ = {isa = PBXBuildFile; fileRef = 0A8004BB300AD9FE004E1676 /* Typography.swift */; };
		0A8004FD300AD9FE004E1676 /* LugarGuardado.swift in Sources */ = {isa = PBXBuildFile; fileRef = 0A8004BD300AD9FE004E1676 /* LugarGuardado.swift */; };
		0A8004FE300AD9FE004E1676 /* ReporteComunidad.swift in Sources */ = {isa = PBXBuildFile; fileRef = 0A8004BE300AD9FE004E1676 /* ReporteComunidad.swift */; };
		0A8004FF300AD9FE004E1676 /* Ruta.swift in Sources */ = {isa = PBXBuildFile; fileRef = 0A8004BF300AD9FE004E1676 /* Ruta.swift */; };
		0A800500300AD9FE004E1676 /* AppRouter.swift in Sources */ = {isa = PBXBuildFile; fileRef = 0A8004C1300AD9FE004E1676 /* AppRouter.swift */; };
		0A800501300AD9FE004E1676 /* RootView.swift in Sources */ = {isa = PBXBuildFile; fileRef = 0A8004C2300AD9FE004E1676 /* RootView.swift */; };
		0A800502300AD9FE004E1676 /* Preview Assets.xcassets in Resources */ = {isa = PBXBuildFile; fileRef = 0A8004C4300AD9FE004E1676 /* Preview Assets.xcassets */; };
		0A800504300AD9FE004E1676 /* BienvenidaView.swift in Sources */ = {isa = PBXBuildFile; fileRef = 0A8004C8300AD9FE004E1676 /* BienvenidaView.swift */; };
		0A800505300AD9FE004E1676 /* RutaMapKitView.swift in Sources */ = {isa = PBXBuildFile; fileRef = 0A8004CA300AD9FE004E1676 /* RutaMapKitView.swift */; };
		0A800506300AD9FE004E1676 /* GuardadoView.swift in Sources */ = {isa = PBXBuildFile; fileRef = 0A8004CC300AD9FE004E1676 /* GuardadoView.swift */; };
		0A800507300AD9FE004E1676 /* MapaView.swift in Sources */ = {isa = PBXBuildFile; fileRef = 0A8004CE300AD9FE004E1676 /* MapaView.swift */; };
		0A800508300AD9FE004E1676 /* MapaViewModel.swift in Sources */ = {isa = PBXBuildFile; fileRef = 0A8004CF300AD9FE004E1676 /* MapaViewModel.swift */; };
		0A800509300AD9FE004E1676 /* MapMarkers.swift in Sources */ = {isa = PBXBuildFile; fileRef = 0A8004D0300AD9FE004E1676 /* MapMarkers.swift */; };
		0A80050A300AD9FE004E1676 /* SideDrawer.swift in Sources */ = {isa = PBXBuildFile; fileRef = 0A8004D1300AD9FE004E1676 /* SideDrawer.swift */; };
		0A80050C300AD9FE004E1676 /* CarnetScannerView.swift in Sources */ = {isa = PBXBuildFile; fileRef = 0A8004D5300AD9FE004E1676 /* CarnetScannerView.swift */; };
		0AC4E0A120260907004E1676 /* CarneDigitalView.swift in Sources */ = {isa = PBXBuildFile; fileRef = 0AC4E0A220260907004E1676 /* CarneDigitalView.swift */; };
		0A80050D300AD9FE004E1676 /* PerfilView.swift in Sources */ = {isa = PBXBuildFile; fileRef = 0A8004D6300AD9FE004E1676 /* PerfilView.swift */; };
		0A80050E300AD9FE004E1676 /* TarjetaFormSheet.swift in Sources */ = {isa = PBXBuildFile; fileRef = 0A8004D7300AD9FE004E1676 /* TarjetaFormSheet.swift */; };
		0A80050F300AD9FE004E1676 /* RutasView.swift in Sources */ = {isa = PBXBuildFile; fileRef = 0A8004D9300AD9FE004E1676 /* RutasView.swift */; };
		0A800510300AD9FE004E1676 /* SeguridadView.swift in Sources */ = {isa = PBXBuildFile; fileRef = 0A8004DB300AD9FE004E1676 /* SeguridadView.swift */; };
		0A800511300AD9FE004E1676 /* RouteTrackingDemoView.swift in Sources */ = {isa = PBXBuildFile; fileRef = 0A8004DD300AD9FE004E1676 /* RouteTrackingDemoView.swift */; };
		0A8005AA300AD9FE004E1676 /* TrackingDemoComponents.swift in Sources */ = {isa = PBXBuildFile; fileRef = 0A8005AB300AD9FE004E1676 /* TrackingDemoComponents.swift */; };
		0A800512300AD9FE004E1676 /* RouteTrackingViewModel.swift in Sources */ = {isa = PBXBuildFile; fileRef = 0A8004DE300AD9FE004E1676 /* RouteTrackingViewModel.swift */; };
		0A800513300AD9FE004E1676 /* LocationService.swift in Sources */ = {isa = PBXBuildFile; fileRef = 0A8004E1300AD9FE004E1676 /* LocationService.swift */; };
		0A800514300AD9FE004E1676 /* LocationServiceProtocol.swift in Sources */ = {isa = PBXBuildFile; fileRef = 0A8004E2300AD9FE004E1676 /* LocationServiceProtocol.swift */; };
		0A800515300AD9FE004E1676 /* RouteCalculationService.swift in Sources */ = {isa = PBXBuildFile; fileRef = 0A8004E4300AD9FE004E1676 /* RouteCalculationService.swift */; };
		0A800516300AD9FE004E1676 /* TrackingPoint.swift in Sources */ = {isa = PBXBuildFile; fileRef = 0A8004E6300AD9FE004E1676 /* TrackingPoint.swift */; };
		0A800517300AD9FE004E1676 /* TripSession.swift in Sources */ = {isa = PBXBuildFile; fileRef = 0A8004E7300AD9FE004E1676 /* TripSession.swift */; };
		0A800518300AD9FE004E1676 /* VehiclePosition.swift in Sources */ = {isa = PBXBuildFile; fileRef = 0A8004E8300AD9FE004E1676 /* VehiclePosition.swift */; };
		0A80051A300AD9FE004E1676 /* SimulatedTrackingProvider.swift in Sources */ = {isa = PBXBuildFile; fileRef = 0A8004EB300AD9FE004E1676 /* SimulatedTrackingProvider.swift */; };
		0A80051B300AD9FE004E1676 /* VehicleTrackingProviding.swift in Sources */ = {isa = PBXBuildFile; fileRef = 0A8004EC300AD9FE004E1676 /* VehicleTrackingProviding.swift */; };
		0A80051C300AD9FE004E1676 /* PolylineMatching.swift in Sources */ = {isa = PBXBuildFile; fileRef = 0A8004F0300AD9FE004E1676 /* PolylineMatching.swift */; };
		0A80051D300AD9FE004E1676 /* Assets.xcassets in Resources */ = {isa = PBXBuildFile; fileRef = 0A8004F2300AD9FE004E1676 /* Assets.xcassets */; };
		0A800520300AD9FE004E1676 /* RutaUTPApp.swift in Sources */ = {isa = PBXBuildFile; fileRef = 0A8004F5300AD9FE004E1676 /* RutaUTPApp.swift */; };
		AA6600000000000000000B01 /* GTFSModels.swift in Sources */ = {isa = PBXBuildFile; fileRef = AA6600000000000000000A01 /* GTFSModels.swift */; };
		AA6600000000000000000B02 /* GTFSCSV.swift in Sources */ = {isa = PBXBuildFile; fileRef = AA6600000000000000000A02 /* GTFSCSV.swift */; };
		AA6600000000000000000B03 /* GTFSRepository.swift in Sources */ = {isa = PBXBuildFile; fileRef = AA6600000000000000000A03 /* GTFSRepository.swift */; };
		AA6600000000000000000B04 /* ExploradorRutaView.swift in Sources */ = {isa = PBXBuildFile; fileRef = AA6600000000000000000A04 /* ExploradorRutaView.swift */; };
		AA6600000000000000000B05 /* NavegacionRutaView.swift in Sources */ = {isa = PBXBuildFile; fileRef = AA6600000000000000000A05 /* NavegacionRutaView.swift */; };
		AA6600000000000000000B06 /* ParaderosIluminadosView.swift in Sources */ = {isa = PBXBuildFile; fileRef = AA6600000000000000000A06 /* ParaderosIluminadosView.swift */; };
		AA6600000000000000000D02 /* gtfs in Resources */ = {isa = PBXBuildFile; fileRef = AA6600000000000000000D01 /* gtfs */; };
		AA9900000000000000000B02 /* BusEn3D.swift in Sources */ = {isa = PBXBuildFile; fileRef = AA9900000000000000000B01 /* BusEn3D.swift */; };
		AA6600000000000000000E02 /* Senia.swift in Sources */ = {isa = PBXBuildFile; fileRef = AA6600000000000000000E01 /* Senia.swift */; };
		AA6600000000000000000E04 /* SeniasService.swift in Sources */ = {isa = PBXBuildFile; fileRef = AA6600000000000000000E03 /* SeniasService.swift */; };
		AA6600000000000000000E06 /* SeniasOverlay.swift in Sources */ = {isa = PBXBuildFile; fileRef = AA6600000000000000000E05 /* SeniasOverlay.swift */; };
		AA6600000000000000000E08 /* senias in Resources */ = {isa = PBXBuildFile; fileRef = AA6600000000000000000E07 /* senias */; };
		AA6600000000000000000E10 /* ReportarSheet.swift in Sources */ = {isa = PBXBuildFile; fileRef = AA6600000000000000000E09 /* ReportarSheet.swift */; };
		AA6600000000000000000E12 /* PublicarComunidadSheet.swift in Sources */ = {isa = PBXBuildFile; fileRef = AA6600000000000000000E11 /* PublicarComunidadSheet.swift */; };
		AA6600000000000000000F02 /* Idioma.swift in Sources */ = {isa = PBXBuildFile; fileRef = AA6600000000000000000F01 /* Idioma.swift */; };
		AA7700000000000000000002 /* Negocio.swift in Sources */ = {isa = PBXBuildFile; fileRef = AA7700000000000000000001 /* Negocio.swift */; };
		AA7700000000000000000004 /* NegociosService.swift in Sources */ = {isa = PBXBuildFile; fileRef = AA7700000000000000000003 /* NegociosService.swift */; };
		AA7700000000000000000009 /* NegociosComponents.swift in Sources */ = {isa = PBXBuildFile; fileRef = AA7700000000000000000008 /* NegociosComponents.swift */; };
		AA8800000000000000000B01 /* GuardadoViewModel.swift in Sources */ = {isa = PBXBuildFile; fileRef = AA8800000000000000000A01 /* GuardadoViewModel.swift */; };
		AA8800000000000000000B02 /* GuardadoSheets.swift in Sources */ = {isa = PBXBuildFile; fileRef = AA8800000000000000000A02 /* GuardadoSheets.swift */; };
		AA7700000000000000000006 /* negocios_promocionados.json in Resources */ = {isa = PBXBuildFile; fileRef = AA7700000000000000000005 /* negocios_promocionados.json */; };
		2F87EE09304DE96300E2F5F2 /* MQTTConfiguration.swift in Sources */ = {isa = PBXBuildFile; fileRef = 2F87EE08304DE96300E2F5F2 /* MQTTConfiguration.swift */; };
		2F87EE26304E0F2000E2F5F2 /* PassiveTrackingCoordinator.swift in Sources */ = {isa = PBXBuildFile; fileRef = 2F87EE25304E0F1D00E2F5F2 /* PassiveTrackingCoordinator.swift */; };
		2F87EE28304E0F2000E2F5F2 /* StartGuard.swift in Sources */ = {isa = PBXBuildFile; fileRef = 2F87EE27304E0F1D00E2F5F2 /* StartGuard.swift */; };
		2F87EE16304E041400E2F5F2 /* PassengerDetectionEngine.swift in Sources */ = {isa = PBXBuildFile; fileRef = 2F87EE15304E040700E2F5F2 /* PassengerDetectionEngine.swift */; };
		2F87EE12304E036B00E2F5F2 /* PassengerDetectionModels.swift in Sources */ = {isa = PBXBuildFile; fileRef = 2F87EE11304E033600E2F5F2 /* PassengerDetectionModels.swift */; };
		2F87EE20304E0CD200E2F5F2 /* RouteCandidateMatcher.swift in Sources */ = {isa = PBXBuildFile; fileRef = 2F87EE1F304E0CCF00E2F5F2 /* RouteCandidateMatcher.swift */; };
		2F87EE1E304E097E00E2F5F2 /* CoreMotionActivityService.swift in Sources */ = {isa = PBXBuildFile; fileRef = 2F87EE1D304E097C00E2F5F2 /* CoreMotionActivityService.swift */; };
		2F87EE1C304E095800E2F5F2 /* MotionActivityProviding.swift in Sources */ = {isa = PBXBuildFile; fileRef = 2F87EE1B304E095300E2F5F2 /* MotionActivityProviding.swift */; };
		2F87EE0D304DE9AC00E2F5F2 /* MQTTTrackingProvider.swift in Sources */ = {isa = PBXBuildFile; fileRef = 2F87EE0C304DE9AA00E2F5F2 /* MQTTTrackingProvider.swift */; };
		2F87EE0F304DEA2100E2F5F2 /* TrackingProviderFactory.swift in Sources */ = {isa = PBXBuildFile; fileRef = 2F87EE0E304DEA1E00E2F5F2 /* TrackingProviderFactory.swift */; };
		2F531442304F170200AC2B66 /* MQTTObservationPublisher.swift in Sources */ = {isa = PBXBuildFile; fileRef = 2F531441304F170000AC2B66 /* MQTTObservationPublisher.swift */; };
		2F53143E304F16D500AC2B66 /* ObservationPublishing.swift in Sources */ = {isa = PBXBuildFile; fileRef = 2F53143D304F16D200AC2B66 /* ObservationPublishing.swift */; };
		0A800503300AD9FE004E1676 /* MQTTConfigurationTests.swift in Sources */ = {isa = PBXBuildFile; fileRef = 0A800402300AD9FE004E1676 /* MQTTConfigurationTests.swift */; };
		0A80050B300AD9FE004E1676 /* ObservationPublishThrottleTests.swift in Sources */ = {isa = PBXBuildFile; fileRef = 0A800403300AD9FE004E1676 /* ObservationPublishThrottleTests.swift */; };
		0A80051E300AD9FE004E1676 /* PassengerDetectionEngineTests.swift in Sources */ = {isa = PBXBuildFile; fileRef = 0A800404300AD9FE004E1676 /* PassengerDetectionEngineTests.swift */; };
		0A80051F300AD9FE004E1676 /* PassengerObservationPayloadTests.swift in Sources */ = {isa = PBXBuildFile; fileRef = 0A800405300AD9FE004E1676 /* PassengerObservationPayloadTests.swift */; };
		0A800521300AD9FE004E1676 /* PassiveTrackingCoordinatorTest.swift in Sources */ = {isa = PBXBuildFile; fileRef = 0A800406300AD9FE004E1676 /* PassiveTrackingCoordinatorTest.swift */; };
		0A800522300AD9FE004E1676 /* RouteCandidateMatcherTests.swift in Sources */ = {isa = PBXBuildFile; fileRef = 0A800407300AD9FE004E1676 /* RouteCandidateMatcherTests.swift */; };
		0A800523300AD9FE004E1676 /* StartGuardTests.swift in Sources */ = {isa = PBXBuildFile; fileRef = 0A800408300AD9FE004E1676 /* StartGuardTests.swift */; };
		0A800524300AD9FE004E1676 /* VehiclePositionSanitizerTests.swift in Sources */ = {isa = PBXBuildFile; fileRef = 0A800409300AD9FE004E1676 /* VehiclePositionSanitizerTests.swift */; };
		2F87EE07304DE59800E2F5F2 /* CocoaMQTT in Frameworks */ = {isa = PBXBuildFile; productRef = 2F87EE06304DE59800E2F5F2 /* CocoaMQTT */; };
/* End PBXBuildFile section */

/* Begin PBXContainerItemProxy section */
		0A80041E300AD9FE004E1676 /* PBXContainerItemProxy */ = {
			isa = PBXContainerItemProxy;
			containerPortal = 0A40D90C2FDE5E7D00F79FBC /* Project object */;
			proxyType = 1;
			remoteGlobalIDString = 0A40D9132FDE5E7D00F79FBC;
			remoteInfo = RutaUTP;
		};
/* End PBXContainerItemProxy section */

/* Begin PBXFileReference section */
		BB9900000000000000000021 /* OccupancyTests.swift */ = {isa = PBXFileReference; lastKnownFileType = sourcecode.swift; path = OccupancyTests.swift; sourceTree = "<group>"; };
		BB9900000000000000000011 /* BusOccupancyPanel.swift */ = {isa = PBXFileReference; lastKnownFileType = sourcecode.swift; path = BusOccupancyPanel.swift; sourceTree = "<group>"; };
		BB9900000000000000000001 /* OccupancyService.swift */ = {isa = PBXFileReference; lastKnownFileType = sourcecode.swift; path = OccupancyService.swift; sourceTree = "<group>"; };
		BA9900000000000000000011 /* RouteChangesSheet.swift */ = {isa = PBXFileReference; lastKnownFileType = sourcecode.swift; path = RouteChangesSheet.swift; sourceTree = "<group>"; };
		BA9900000000000000000001 /* RouteChangesService.swift */ = {isa = PBXFileReference; lastKnownFileType = sourcecode.swift; path = RouteChangesService.swift; sourceTree = "<group>"; };
		0A80043E300AD9FE004E1676 /* MonederoStore.swift */ = {isa = PBXFileReference; fileEncoding = 4; lastKnownFileType = sourcecode.swift; path = MonederoStore.swift; sourceTree = "<group>"; };
		0A800440300AD9FE004E1676 /* MonederoView.swift */ = {isa = PBXFileReference; fileEncoding = 4; lastKnownFileType = sourcecode.swift; path = MonederoView.swift; sourceTree = "<group>"; };
		AA9900000000000000000A01 /* PagoQR.swift */ = {isa = PBXFileReference; fileEncoding = 4; lastKnownFileType = sourcecode.swift; path = PagoQR.swift; sourceTree = "<group>"; };
		AA9900000000000000000A03 /* EscanerQRView.swift */ = {isa = PBXFileReference; fileEncoding = 4; lastKnownFileType = sourcecode.swift; path = EscanerQRView.swift; sourceTree = "<group>"; };
		0A80043B300AD9FE004E1676 /* AvisoRutaAproximada.swift */ = {isa = PBXFileReference; fileEncoding = 4; lastKnownFileType = sourcecode.swift; path = AvisoRutaAproximada.swift; sourceTree = "<group>"; };
		0A800439300AD9FE004E1676 /* OfflineMapSheet.swift */ = {isa = PBXFileReference; fileEncoding = 4; lastKnownFileType = sourcecode.swift; path = OfflineMapSheet.swift; sourceTree = "<group>"; };
		0A800437300AD9FE004E1676 /* RejillaEspacial.swift */ = {isa = PBXFileReference; fileEncoding = 4; lastKnownFileType = sourcecode.swift; path = RejillaEspacial.swift; sourceTree = "<group>"; };
		0A800400300AD9FE004E1676 /* DestinosFijos.swift */ = {isa = PBXFileReference; fileEncoding = 4; lastKnownFileType = sourcecode.swift; path = DestinosFijos.swift; sourceTree = "<group>"; };
		0A800435300AD9FE004E1676 /* FormularioReporte.swift */ = {isa = PBXFileReference; fileEncoding = 4; lastKnownFileType = sourcecode.swift; path = FormularioReporte.swift; sourceTree = "<group>"; };
		0A800433300AD9FE004E1676 /* SeguridadLugaresModel.swift */ = {isa = PBXFileReference; fileEncoding = 4; lastKnownFileType = sourcecode.swift; path = SeguridadLugaresModel.swift; sourceTree = "<group>"; };
		0A800431300AD9FE004E1676 /* LugaresStore.swift */ = {isa = PBXFileReference; fileEncoding = 4; lastKnownFileType = sourcecode.swift; path = LugaresStore.swift; sourceTree = "<group>"; };
		0A80042F300AD9FE004E1676 /* SeguridadLugares.swift */ = {isa = PBXFileReference; fileEncoding = 4; lastKnownFileType = sourcecode.swift; path = SeguridadLugares.swift; sourceTree = "<group>"; };
		0A80042D300AD9FE004E1676 /* SeguridadZonas.swift */ = {isa = PBXFileReference; fileEncoding = 4; lastKnownFileType = sourcecode.swift; path = SeguridadZonas.swift; sourceTree = "<group>"; };
		0A80042B300AD9FE004E1676 /* SeguridadComunidad.swift */ = {isa = PBXFileReference; fileEncoding = 4; lastKnownFileType = sourcecode.swift; path = SeguridadComunidad.swift; sourceTree = "<group>"; };
		0A800429300AD9FE004E1676 /* ProfileImageStore.swift */ = {isa = PBXFileReference; fileEncoding = 4; lastKnownFileType = sourcecode.swift; path = ProfileImageStore.swift; sourceTree = "<group>"; };
		0A800427300AD9FE004E1676 /* ImagePicker.swift */ = {isa = PBXFileReference; fileEncoding = 4; lastKnownFileType = sourcecode.swift; path = ImagePicker.swift; sourceTree = "<group>"; };
		0A800425300AD9FE004E1676 /* DatosPersonalesSheet.swift */ = {isa = PBXFileReference; fileEncoding = 4; lastKnownFileType = sourcecode.swift; path = DatosPersonalesSheet.swift; sourceTree = "<group>"; };
		0A800423300AD9FE004E1676 /* DrawerSheets.swift */ = {isa = PBXFileReference; fileEncoding = 4; lastKnownFileType = sourcecode.swift; path = DrawerSheets.swift; sourceTree = "<group>"; };
		0A800417300AD9FE004E1676 /* RutaUTPTests.xctest */ = {isa = PBXFileReference; explicitFileType = wrapper.cfbundle; includeInIndex = 0; path = RutaUTPTests.xctest; sourceTree = BUILT_PRODUCTS_DIR; };
		0A800416300AD9FE004E1676 /* RutaUTPTests.swift */ = {isa = PBXFileReference; fileEncoding = 4; lastKnownFileType = sourcecode.swift; path = RutaUTPTests.swift; sourceTree = "<group>"; };
		0A40D9142FDE5E7D00F79FBC /* RutaUTP.app */ = {isa = PBXFileReference; explicitFileType = wrapper.application; includeInIndex = 0; path = RutaUTP.app; sourceTree = BUILT_PRODUCTS_DIR; };
		0A8004B5300AD9FE004E1676 /* BottomNavBar.swift */ = {isa = PBXFileReference; fileEncoding = 4; lastKnownFileType = sourcecode.swift; path = BottomNavBar.swift; sourceTree = "<group>"; };
		0A8004B9300AD9FE004E1676 /* Colors.swift */ = {isa = PBXFileReference; fileEncoding = 4; lastKnownFileType = sourcecode.swift; path = Colors.swift; sourceTree = "<group>"; };
		0A8004BA300AD9FE004E1676 /* Spacing.swift */ = {isa = PBXFileReference; fileEncoding = 4; lastKnownFileType = sourcecode.swift; path = Spacing.swift; sourceTree = "<group>"; };
		0A800410300AD9FE004E1676 /* AppHaptics.swift */ = {isa = PBXFileReference; fileEncoding = 4; lastKnownFileType = sourcecode.swift; path = AppHaptics.swift; sourceTree = "<group>"; };
		0A800412300AD9FE004E1676 /* Persistencia.swift */ = {isa = PBXFileReference; fileEncoding = 4; lastKnownFileType = sourcecode.swift; path = Persistencia.swift; sourceTree = "<group>"; };
		0A8004BB300AD9FE004E1676 /* Typography.swift */ = {isa = PBXFileReference; fileEncoding = 4; lastKnownFileType = sourcecode.swift; path = Typography.swift; sourceTree = "<group>"; };
		0A8004BD300AD9FE004E1676 /* LugarGuardado.swift */ = {isa = PBXFileReference; fileEncoding = 4; lastKnownFileType = sourcecode.swift; path = LugarGuardado.swift; sourceTree = "<group>"; };
		0A8004BE300AD9FE004E1676 /* ReporteComunidad.swift */ = {isa = PBXFileReference; fileEncoding = 4; lastKnownFileType = sourcecode.swift; path = ReporteComunidad.swift; sourceTree = "<group>"; };
		0A8004BF300AD9FE004E1676 /* Ruta.swift */ = {isa = PBXFileReference; fileEncoding = 4; lastKnownFileType = sourcecode.swift; path = Ruta.swift; sourceTree = "<group>"; };
		0A8004C1300AD9FE004E1676 /* AppRouter.swift */ = {isa = PBXFileReference; fileEncoding = 4; lastKnownFileType = sourcecode.swift; path = AppRouter.swift; sourceTree = "<group>"; };
		0A8004C2300AD9FE004E1676 /* RootView.swift */ = {isa = PBXFileReference; fileEncoding = 4; lastKnownFileType = sourcecode.swift; path = RootView.swift; sourceTree = "<group>"; };
		0A8004C4300AD9FE004E1676 /* Preview Assets.xcassets */ = {isa = PBXFileReference; lastKnownFileType = folder.assetcatalog; path = "Preview Assets.xcassets"; sourceTree = "<group>"; };
		0A8004C8300AD9FE004E1676 /* BienvenidaView.swift */ = {isa = PBXFileReference; fileEncoding = 4; lastKnownFileType = sourcecode.swift; path = BienvenidaView.swift; sourceTree = "<group>"; };
		0A8004CA300AD9FE004E1676 /* RutaMapKitView.swift */ = {isa = PBXFileReference; fileEncoding = 4; lastKnownFileType = sourcecode.swift; path = RutaMapKitView.swift; sourceTree = "<group>"; };
		0A8004CC300AD9FE004E1676 /* GuardadoView.swift */ = {isa = PBXFileReference; fileEncoding = 4; lastKnownFileType = sourcecode.swift; path = GuardadoView.swift; sourceTree = "<group>"; };
		0A8004CE300AD9FE004E1676 /* MapaView.swift */ = {isa = PBXFileReference; fileEncoding = 4; lastKnownFileType = sourcecode.swift; path = MapaView.swift; sourceTree = "<group>"; };
		0A8004CF300AD9FE004E1676 /* MapaViewModel.swift */ = {isa = PBXFileReference; fileEncoding = 4; lastKnownFileType = sourcecode.swift; path = MapaViewModel.swift; sourceTree = "<group>"; };
		0A8004D0300AD9FE004E1676 /* MapMarkers.swift */ = {isa = PBXFileReference; fileEncoding = 4; lastKnownFileType = sourcecode.swift; path = MapMarkers.swift; sourceTree = "<group>"; };
		0A8004D1300AD9FE004E1676 /* SideDrawer.swift */ = {isa = PBXFileReference; fileEncoding = 4; lastKnownFileType = sourcecode.swift; path = SideDrawer.swift; sourceTree = "<group>"; };
		0A8004D5300AD9FE004E1676 /* CarnetScannerView.swift */ = {isa = PBXFileReference; fileEncoding = 4; lastKnownFileType = sourcecode.swift; path = CarnetScannerView.swift; sourceTree = "<group>"; };
		0AC4E0A220260907004E1676 /* CarneDigitalView.swift */ = {isa = PBXFileReference; fileEncoding = 4; lastKnownFileType = sourcecode.swift; path = CarneDigitalView.swift; sourceTree = "<group>"; };
		0A8004D6300AD9FE004E1676 /* PerfilView.swift */ = {isa = PBXFileReference; fileEncoding = 4; lastKnownFileType = sourcecode.swift; path = PerfilView.swift; sourceTree = "<group>"; };
		0A8004D7300AD9FE004E1676 /* TarjetaFormSheet.swift */ = {isa = PBXFileReference; fileEncoding = 4; lastKnownFileType = sourcecode.swift; path = TarjetaFormSheet.swift; sourceTree = "<group>"; };
		0A8004D9300AD9FE004E1676 /* RutasView.swift */ = {isa = PBXFileReference; fileEncoding = 4; lastKnownFileType = sourcecode.swift; path = RutasView.swift; sourceTree = "<group>"; };
		0A8004DB300AD9FE004E1676 /* SeguridadView.swift */ = {isa = PBXFileReference; fileEncoding = 4; lastKnownFileType = sourcecode.swift; path = SeguridadView.swift; sourceTree = "<group>"; };
		0A8004DD300AD9FE004E1676 /* RouteTrackingDemoView.swift */ = {isa = PBXFileReference; fileEncoding = 4; lastKnownFileType = sourcecode.swift; path = RouteTrackingDemoView.swift; sourceTree = "<group>"; };
		0A8005AB300AD9FE004E1676 /* TrackingDemoComponents.swift */ = {isa = PBXFileReference; fileEncoding = 4; lastKnownFileType = sourcecode.swift; path = TrackingDemoComponents.swift; sourceTree = "<group>"; };
		0A8004DE300AD9FE004E1676 /* RouteTrackingViewModel.swift */ = {isa = PBXFileReference; fileEncoding = 4; lastKnownFileType = sourcecode.swift; path = RouteTrackingViewModel.swift; sourceTree = "<group>"; };
		0A8004E1300AD9FE004E1676 /* LocationService.swift */ = {isa = PBXFileReference; fileEncoding = 4; lastKnownFileType = sourcecode.swift; path = LocationService.swift; sourceTree = "<group>"; };
		0A8004E2300AD9FE004E1676 /* LocationServiceProtocol.swift */ = {isa = PBXFileReference; fileEncoding = 4; lastKnownFileType = sourcecode.swift; path = LocationServiceProtocol.swift; sourceTree = "<group>"; };
		0A8004E4300AD9FE004E1676 /* RouteCalculationService.swift */ = {isa = PBXFileReference; fileEncoding = 4; lastKnownFileType = sourcecode.swift; path = RouteCalculationService.swift; sourceTree = "<group>"; };
		0A8004E6300AD9FE004E1676 /* TrackingPoint.swift */ = {isa = PBXFileReference; fileEncoding = 4; lastKnownFileType = sourcecode.swift; path = TrackingPoint.swift; sourceTree = "<group>"; };
		0A8004E7300AD9FE004E1676 /* TripSession.swift */ = {isa = PBXFileReference; fileEncoding = 4; lastKnownFileType = sourcecode.swift; path = TripSession.swift; sourceTree = "<group>"; };
		0A8004E8300AD9FE004E1676 /* VehiclePosition.swift */ = {isa = PBXFileReference; fileEncoding = 4; lastKnownFileType = sourcecode.swift; path = VehiclePosition.swift; sourceTree = "<group>"; };
		0A8004EB300AD9FE004E1676 /* SimulatedTrackingProvider.swift */ = {isa = PBXFileReference; fileEncoding = 4; lastKnownFileType = sourcecode.swift; path = SimulatedTrackingProvider.swift; sourceTree = "<group>"; };
		0A8004EC300AD9FE004E1676 /* VehicleTrackingProviding.swift */ = {isa = PBXFileReference; fileEncoding = 4; lastKnownFileType = sourcecode.swift; path = VehicleTrackingProviding.swift; sourceTree = "<group>"; };
		0A8004F0300AD9FE004E1676 /* PolylineMatching.swift */ = {isa = PBXFileReference; fileEncoding = 4; lastKnownFileType = sourcecode.swift; path = PolylineMatching.swift; sourceTree = "<group>"; };
		0A8004F2300AD9FE004E1676 /* Assets.xcassets */ = {isa = PBXFileReference; lastKnownFileType = folder.assetcatalog; path = Assets.xcassets; sourceTree = "<group>"; };
		0A8004F4300AD9FE004E1676 /* README.md */ = {isa = PBXFileReference; fileEncoding = 4; lastKnownFileType = net.daringfireball.markdown; path = README.md; sourceTree = "<group>"; };
		0A8004F5300AD9FE004E1676 /* RutaUTPApp.swift */ = {isa = PBXFileReference; fileEncoding = 4; lastKnownFileType = sourcecode.swift; path = RutaUTPApp.swift; sourceTree = "<group>"; };
		AA6600000000000000000A01 /* GTFSModels.swift */ = {isa = PBXFileReference; fileEncoding = 4; lastKnownFileType = sourcecode.swift; path = GTFSModels.swift; sourceTree = "<group>"; };
		AA6600000000000000000A02 /* GTFSCSV.swift */ = {isa = PBXFileReference; fileEncoding = 4; lastKnownFileType = sourcecode.swift; path = GTFSCSV.swift; sourceTree = "<group>"; };
		AA6600000000000000000A03 /* GTFSRepository.swift */ = {isa = PBXFileReference; fileEncoding = 4; lastKnownFileType = sourcecode.swift; path = GTFSRepository.swift; sourceTree = "<group>"; };
		AA6600000000000000000A04 /* ExploradorRutaView.swift */ = {isa = PBXFileReference; fileEncoding = 4; lastKnownFileType = sourcecode.swift; path = ExploradorRutaView.swift; sourceTree = "<group>"; };
		AA6600000000000000000A05 /* NavegacionRutaView.swift */ = {isa = PBXFileReference; fileEncoding = 4; lastKnownFileType = sourcecode.swift; path = NavegacionRutaView.swift; sourceTree = "<group>"; };
		AA6600000000000000000A06 /* ParaderosIluminadosView.swift */ = {isa = PBXFileReference; fileEncoding = 4; lastKnownFileType = sourcecode.swift; path = ParaderosIluminadosView.swift; sourceTree = "<group>"; };
		AA6600000000000000000D01 /* gtfs */ = {isa = PBXFileReference; lastKnownFileType = folder; path = gtfs; sourceTree = "<group>"; };
		AA6600000000000000000E01 /* Senia.swift */ = {isa = PBXFileReference; fileEncoding = 4; lastKnownFileType = sourcecode.swift; path = Senia.swift; sourceTree = "<group>"; };
		AA6600000000000000000E03 /* SeniasService.swift */ = {isa = PBXFileReference; fileEncoding = 4; lastKnownFileType = sourcecode.swift; path = SeniasService.swift; sourceTree = "<group>"; };
		AA6600000000000000000E05 /* SeniasOverlay.swift */ = {isa = PBXFileReference; fileEncoding = 4; lastKnownFileType = sourcecode.swift; path = SeniasOverlay.swift; sourceTree = "<group>"; };
		AA6600000000000000000E07 /* senias */ = {isa = PBXFileReference; lastKnownFileType = folder; path = senias; sourceTree = "<group>"; };
		AA9900000000000000000B01 /* BusEn3D.swift */ = {isa = PBXFileReference; fileEncoding = 4; lastKnownFileType = sourcecode.swift; path = BusEn3D.swift; sourceTree = "<group>"; };
		AA6600000000000000000E09 /* ReportarSheet.swift */ = {isa = PBXFileReference; fileEncoding = 4; lastKnownFileType = sourcecode.swift; path = ReportarSheet.swift; sourceTree = "<group>"; };
		AA6600000000000000000E11 /* PublicarComunidadSheet.swift */ = {isa = PBXFileReference; fileEncoding = 4; lastKnownFileType = sourcecode.swift; path = PublicarComunidadSheet.swift; sourceTree = "<group>"; };
		AA6600000000000000000F01 /* Idioma.swift */ = {isa = PBXFileReference; fileEncoding = 4; lastKnownFileType = sourcecode.swift; path = Idioma.swift; sourceTree = "<group>"; };
		AA7700000000000000000001 /* Negocio.swift */ = {isa = PBXFileReference; fileEncoding = 4; lastKnownFileType = sourcecode.swift; path = Negocio.swift; sourceTree = "<group>"; };
		AA7700000000000000000003 /* NegociosService.swift */ = {isa = PBXFileReference; fileEncoding = 4; lastKnownFileType = sourcecode.swift; path = NegociosService.swift; sourceTree = "<group>"; };
		AA7700000000000000000005 /* negocios_promocionados.json */ = {isa = PBXFileReference; fileEncoding = 4; lastKnownFileType = text.json; path = negocios_promocionados.json; sourceTree = "<group>"; };
		AA7700000000000000000008 /* NegociosComponents.swift */ = {isa = PBXFileReference; fileEncoding = 4; lastKnownFileType = sourcecode.swift; path = NegociosComponents.swift; sourceTree = "<group>"; };
		AA8800000000000000000A01 /* GuardadoViewModel.swift */ = {isa = PBXFileReference; fileEncoding = 4; lastKnownFileType = sourcecode.swift; path = GuardadoViewModel.swift; sourceTree = "<group>"; };
		AA8800000000000000000A02 /* GuardadoSheets.swift */ = {isa = PBXFileReference; fileEncoding = 4; lastKnownFileType = sourcecode.swift; path = GuardadoSheets.swift; sourceTree = "<group>"; };
		2F87EE08304DE96300E2F5F2 /* MQTTConfiguration.swift */ = {isa = PBXFileReference; lastKnownFileType = sourcecode.swift; path = MQTTConfiguration.swift; sourceTree = "<group>"; };
		2F87EE25304E0F1D00E2F5F2 /* PassiveTrackingCoordinator.swift */ = {isa = PBXFileReference; lastKnownFileType = sourcecode.swift; path = PassiveTrackingCoordinator.swift; sourceTree = "<group>"; };
		2F87EE27304E0F1D00E2F5F2 /* StartGuard.swift */ = {isa = PBXFileReference; lastKnownFileType = sourcecode.swift; path = StartGuard.swift; sourceTree = "<group>"; };
		2F87EE15304E040700E2F5F2 /* PassengerDetectionEngine.swift */ = {isa = PBXFileReference; lastKnownFileType = sourcecode.swift; path = PassengerDetectionEngine.swift; sourceTree = "<group>"; };
		2F87EE11304E033600E2F5F2 /* PassengerDetectionModels.swift */ = {isa = PBXFileReference; lastKnownFileType = sourcecode.swift; path = PassengerDetectionModels.swift; sourceTree = "<group>"; };
		2F87EE1F304E0CCF00E2F5F2 /* RouteCandidateMatcher.swift */ = {isa = PBXFileReference; lastKnownFileType = sourcecode.swift; path = RouteCandidateMatcher.swift; sourceTree = "<group>"; };
		2F87EE1D304E097C00E2F5F2 /* CoreMotionActivityService.swift */ = {isa = PBXFileReference; lastKnownFileType = sourcecode.swift; path = CoreMotionActivityService.swift; sourceTree = "<group>"; };
		2F87EE1B304E095300E2F5F2 /* MotionActivityProviding.swift */ = {isa = PBXFileReference; lastKnownFileType = sourcecode.swift; path = MotionActivityProviding.swift; sourceTree = "<group>"; };
		2F87EE0C304DE9AA00E2F5F2 /* MQTTTrackingProvider.swift */ = {isa = PBXFileReference; lastKnownFileType = sourcecode.swift; path = MQTTTrackingProvider.swift; sourceTree = "<group>"; };
		2F87EE0E304DEA1E00E2F5F2 /* TrackingProviderFactory.swift */ = {isa = PBXFileReference; lastKnownFileType = sourcecode.swift; path = TrackingProviderFactory.swift; sourceTree = "<group>"; };
		2F531441304F170000AC2B66 /* MQTTObservationPublisher.swift */ = {isa = PBXFileReference; lastKnownFileType = sourcecode.swift; path = MQTTObservationPublisher.swift; sourceTree = "<group>"; };
		2F53143D304F16D200AC2B66 /* ObservationPublishing.swift */ = {isa = PBXFileReference; lastKnownFileType = sourcecode.swift; path = ObservationPublishing.swift; sourceTree = "<group>"; };
		0A800402300AD9FE004E1676 /* MQTTConfigurationTests.swift */ = {isa = PBXFileReference; lastKnownFileType = sourcecode.swift; path = MQTTConfigurationTests.swift; sourceTree = "<group>"; };
		0A800403300AD9FE004E1676 /* ObservationPublishThrottleTests.swift */ = {isa = PBXFileReference; lastKnownFileType = sourcecode.swift; path = ObservationPublishThrottleTests.swift; sourceTree = "<group>"; };
		0A800404300AD9FE004E1676 /* PassengerDetectionEngineTests.swift */ = {isa = PBXFileReference; lastKnownFileType = sourcecode.swift; path = PassengerDetectionEngineTests.swift; sourceTree = "<group>"; };
		0A800405300AD9FE004E1676 /* PassengerObservationPayloadTests.swift */ = {isa = PBXFileReference; lastKnownFileType = sourcecode.swift; path = PassengerObservationPayloadTests.swift; sourceTree = "<group>"; };
		0A800406300AD9FE004E1676 /* PassiveTrackingCoordinatorTest.swift */ = {isa = PBXFileReference; lastKnownFileType = sourcecode.swift; path = PassiveTrackingCoordinatorTest.swift; sourceTree = "<group>"; };
		0A800407300AD9FE004E1676 /* RouteCandidateMatcherTests.swift */ = {isa = PBXFileReference; lastKnownFileType = sourcecode.swift; path = RouteCandidateMatcherTests.swift; sourceTree = "<group>"; };
		0A800408300AD9FE004E1676 /* StartGuardTests.swift */ = {isa = PBXFileReference; lastKnownFileType = sourcecode.swift; path = StartGuardTests.swift; sourceTree = "<group>"; };
		0A800409300AD9FE004E1676 /* VehiclePositionSanitizerTests.swift */ = {isa = PBXFileReference; lastKnownFileType = sourcecode.swift; path = VehiclePositionSanitizerTests.swift; sourceTree = "<group>"; };
/* End PBXFileReference section */

/* Begin PBXFrameworksBuildPhase section */
		0A800418300AD9FE004E1676 /* Frameworks */ = {
			isa = PBXFrameworksBuildPhase;
			buildActionMask = 2147483647;
			files = (
			);
			runOnlyForDeploymentPostprocessing = 0;
		};
		0A40D9112FDE5E7D00F79FBC /* Frameworks */ = {
			isa = PBXFrameworksBuildPhase;
			buildActionMask = 2147483647;
			files = (
				2F87EE07304DE59800E2F5F2 /* CocoaMQTT in Frameworks */,
			);
			runOnlyForDeploymentPostprocessing = 0;
		};
/* End PBXFrameworksBuildPhase section */

/* Begin PBXGroup section */
		0A80043D300AD9FE004E1676 /* Monedero */ = {
			isa = PBXGroup;
			children = (
				0A80043E300AD9FE004E1676 /* MonederoStore.swift */,
				AA9900000000000000000A01 /* PagoQR.swift */,
			);
			path = Monedero;
			sourceTree = "<group>";
		};
		0A800422300AD9FE004E1676 /* Imagenes */ = {
			isa = PBXGroup;
			children = (
				0A800429300AD9FE004E1676 /* ProfileImageStore.swift */,
			);
			path = Imagenes;
			sourceTree = "<group>";
		};
		0A80041B300AD9FE004E1676 /* RutaUTPTests */ = {
			isa = PBXGroup;
			children = (
				0A800416300AD9FE004E1676 /* RutaUTPTests.swift */,
				0A800402300AD9FE004E1676 /* MQTTConfigurationTests.swift */,
				0A800403300AD9FE004E1676 /* ObservationPublishThrottleTests.swift */,
				0A800404300AD9FE004E1676 /* PassengerDetectionEngineTests.swift */,
				0A800405300AD9FE004E1676 /* PassengerObservationPayloadTests.swift */,
				0A800406300AD9FE004E1676 /* PassiveTrackingCoordinatorTest.swift */,
				0A800407300AD9FE004E1676 /* RouteCandidateMatcherTests.swift */,
				0A800408300AD9FE004E1676 /* StartGuardTests.swift */,
				0A800409300AD9FE004E1676 /* VehiclePositionSanitizerTests.swift */,
				BB9900000000000000000021 /* OccupancyTests.swift */,
			);
			path = RutaUTPTests;
			sourceTree = "<group>";
		};
		0A40D90B2FDE5E7D00F79FBC = {
			isa = PBXGroup;
			children = (
				0A8004F6300AD9FE004E1676 /* RutaUTP */,
				AA6600000000000000000D01 /* gtfs */,
				AA6600000000000000000E07 /* senias */,
				0A80041B300AD9FE004E1676 /* RutaUTPTests */,
				0A40D9152FDE5E7D00F79FBC /* Products */,
			);
			sourceTree = "<group>";
		};
		0A40D9152FDE5E7D00F79FBC /* Products */ = {
			isa = PBXGroup;
			children = (
				0A40D9142FDE5E7D00F79FBC /* RutaUTP.app */,
				0A800417300AD9FE004E1676 /* RutaUTPTests.xctest */,
			);
			name = Products;
			sourceTree = "<group>";
		};
		0A8004B8300AD9FE004E1676 /* Components */ = {
			isa = PBXGroup;
			children = (
				0A8004B5300AD9FE004E1676 /* BottomNavBar.swift */,
				0A800427300AD9FE004E1676 /* ImagePicker.swift */,
				AA7700000000000000000008 /* NegociosComponents.swift */,
				AA6600000000000000000E09 /* ReportarSheet.swift */,
				BB9900000000000000000011 /* BusOccupancyPanel.swift */,
				BB9900000000000000000001 /* OccupancyService.swift */,
				BA9900000000000000000011 /* RouteChangesSheet.swift */,
				BA9900000000000000000001 /* RouteChangesService.swift */,
				0A80043B300AD9FE004E1676 /* AvisoRutaAproximada.swift */,
				0A800439300AD9FE004E1676 /* OfflineMapSheet.swift */,
				0A800435300AD9FE004E1676 /* FormularioReporte.swift */,
				AA6600000000000000000E11 /* PublicarComunidadSheet.swift */,
				AA6600000000000000000E05 /* SeniasOverlay.swift */,
			);
			path = Components;
			sourceTree = "<group>";
		};
		0A8004BC300AD9FE004E1676 /* Design */ = {
			isa = PBXGroup;
			children = (
				0A8004B8300AD9FE004E1676 /* Components */,
				0A8004B9300AD9FE004E1676 /* Colors.swift */,
				0A8004BA300AD9FE004E1676 /* Spacing.swift */,
				0A800410300AD9FE004E1676 /* AppHaptics.swift */,
				0A8004BB300AD9FE004E1676 /* Typography.swift */,
			);
			path = Design;
			sourceTree = "<group>";
		};
		0A8004C0300AD9FE004E1676 /* Models */ = {
			isa = PBXGroup;
			children = (
				0A8004BD300AD9FE004E1676 /* LugarGuardado.swift */,
				AA7700000000000000000001 /* Negocio.swift */,
				0A8004BE300AD9FE004E1676 /* ReporteComunidad.swift */,
				0A8004BF300AD9FE004E1676 /* Ruta.swift */,
				AA6600000000000000000E01 /* Senia.swift */,
			);
			path = Models;
			sourceTree = "<group>";
		};
		0A8004C3300AD9FE004E1676 /* Navigation */ = {
			isa = PBXGroup;
			children = (
				0A8004C1300AD9FE004E1676 /* AppRouter.swift */,
				0A8004C2300AD9FE004E1676 /* RootView.swift */,
			);
			path = Navigation;
			sourceTree = "<group>";
		};
		0A8004C5300AD9FE004E1676 /* Preview Content */ = {
			isa = PBXGroup;
			children = (
				0A8004C4300AD9FE004E1676 /* Preview Assets.xcassets */,
			);
			path = "Preview Content";
			sourceTree = "<group>";
		};
		0A8004C9300AD9FE004E1676 /* Bienvenida */ = {
			isa = PBXGroup;
			children = (
				0A8004C8300AD9FE004E1676 /* BienvenidaView.swift */,
			);
			path = Bienvenida;
			sourceTree = "<group>";
		};
		0A8004CB300AD9FE004E1676 /* DetalleRuta */ = {
			isa = PBXGroup;
			children = (
				0A8004CA300AD9FE004E1676 /* RutaMapKitView.swift */,
				AA6600000000000000000A04 /* ExploradorRutaView.swift */,
				AA6600000000000000000A05 /* NavegacionRutaView.swift */,
			);
			path = DetalleRuta;
			sourceTree = "<group>";
		};
		0A8004CD300AD9FE004E1676 /* Guardado */ = {
			isa = PBXGroup;
			children = (
				0A8004CC300AD9FE004E1676 /* GuardadoView.swift */,
				AA8800000000000000000A01 /* GuardadoViewModel.swift */,
				AA8800000000000000000A02 /* GuardadoSheets.swift */,
			);
			path = Guardado;
			sourceTree = "<group>";
		};
		0A8004D2300AD9FE004E1676 /* Mapa */ = {
			isa = PBXGroup;
			children = (
				0A8004CE300AD9FE004E1676 /* MapaView.swift */,
				0A8004CF300AD9FE004E1676 /* MapaViewModel.swift */,
				0A8004D0300AD9FE004E1676 /* MapMarkers.swift */,
				AA9900000000000000000B01 /* BusEn3D.swift */,
				0A8004D1300AD9FE004E1676 /* SideDrawer.swift */,
				0A800425300AD9FE004E1676 /* DatosPersonalesSheet.swift */,
				0A800423300AD9FE004E1676 /* DrawerSheets.swift */,
			);
			path = Mapa;
			sourceTree = "<group>";
		};
		0A8004D8300AD9FE004E1676 /* Perfil */ = {
			isa = PBXGroup;
			children = (
				0AC4E0A220260907004E1676 /* CarneDigitalView.swift */,
				0A8004D5300AD9FE004E1676 /* CarnetScannerView.swift */,
				0A8004D6300AD9FE004E1676 /* PerfilView.swift */,
				0A800440300AD9FE004E1676 /* MonederoView.swift */,
				AA9900000000000000000A03 /* EscanerQRView.swift */,
				0A8004D7300AD9FE004E1676 /* TarjetaFormSheet.swift */,
			);
			path = Perfil;
			sourceTree = "<group>";
		};
		0A8004DA300AD9FE004E1676 /* Rutas */ = {
			isa = PBXGroup;
			children = (
				0A8004D9300AD9FE004E1676 /* RutasView.swift */,
			);
			path = Rutas;
			sourceTree = "<group>";
		};
		0A8004DC300AD9FE004E1676 /* Seguridad */ = {
			isa = PBXGroup;
			children = (
				0A8004DB300AD9FE004E1676 /* SeguridadView.swift */,
				0A800433300AD9FE004E1676 /* SeguridadLugaresModel.swift */,
				0A80042F300AD9FE004E1676 /* SeguridadLugares.swift */,
				0A80042D300AD9FE004E1676 /* SeguridadZonas.swift */,
				0A80042B300AD9FE004E1676 /* SeguridadComunidad.swift */,
				AA6600000000000000000A06 /* ParaderosIluminadosView.swift */,
			);
			path = Seguridad;
			sourceTree = "<group>";
		};
		0A8004DF300AD9FE004E1676 /* Tracking */ = {
			isa = PBXGroup;
			children = (
				0A8004DD300AD9FE004E1676 /* RouteTrackingDemoView.swift */,
				0A8004DE300AD9FE004E1676 /* RouteTrackingViewModel.swift */,
				0A8005AB300AD9FE004E1676 /* TrackingDemoComponents.swift */,
			);
			path = Tracking;
			sourceTree = "<group>";
		};
		0A8004E0300AD9FE004E1676 /* Screens */ = {
			isa = PBXGroup;
			children = (
				0A8004C9300AD9FE004E1676 /* Bienvenida */,
				0A8004CB300AD9FE004E1676 /* DetalleRuta */,
				0A8004CD300AD9FE004E1676 /* Guardado */,
				0A8004D2300AD9FE004E1676 /* Mapa */,
				0A8004D8300AD9FE004E1676 /* Perfil */,
				0A8004DA300AD9FE004E1676 /* Rutas */,
				0A8004DC300AD9FE004E1676 /* Seguridad */,
				0A8004DF300AD9FE004E1676 /* Tracking */,
			);
			path = Screens;
			sourceTree = "<group>";
		};
		0A8004E3300AD9FE004E1676 /* Location */ = {
			isa = PBXGroup;
			children = (
				0A8004E1300AD9FE004E1676 /* LocationService.swift */,
				0A8004E2300AD9FE004E1676 /* LocationServiceProtocol.swift */,
			);
			path = Location;
			sourceTree = "<group>";
		};
		0A8004E5300AD9FE004E1676 /* Routing */ = {
			isa = PBXGroup;
			children = (
				0A8004E4300AD9FE004E1676 /* RouteCalculationService.swift */,
			);
			path = Routing;
			sourceTree = "<group>";
		};
		0A8004E9300AD9FE004E1676 /* Models */ = {
			isa = PBXGroup;
			children = (
				0A8004E6300AD9FE004E1676 /* TrackingPoint.swift */,
				0A8004E7300AD9FE004E1676 /* TripSession.swift */,
				0A8004E8300AD9FE004E1676 /* VehiclePosition.swift */,
			);
			path = Models;
			sourceTree = "<group>";
		};
		0A8004ED300AD9FE004E1676 /* Providers */ = {
			isa = PBXGroup;
			children = (
				0A8004EB300AD9FE004E1676 /* SimulatedTrackingProvider.swift */,
				2F87EE0E304DEA1E00E2F5F2 /* TrackingProviderFactory.swift */,
				2F87EE0C304DE9AA00E2F5F2 /* MQTTTrackingProvider.swift */,
				0A8004EC300AD9FE004E1676 /* VehicleTrackingProviding.swift */,
			);
			path = Providers;
			sourceTree = "<group>";
		};
		0A8004EE300AD9FE004E1676 /* Tracking */ = {
			isa = PBXGroup;
			children = (
				0A8004E9300AD9FE004E1676 /* Models */,
				0A8004ED300AD9FE004E1676 /* Providers */,
				2F53143C304F16B600AC2B66 /* Publishers */,
				2F87EE24304E0F0A00E2F5F2 /* Coordination */,
				2F87EE1A304E093D00E2F5F2 /* Motion */,
				2F87EE10304E032300E2F5F2 /* Detection */,
				2F87EE08304DE96300E2F5F2 /* MQTTConfiguration.swift */,
			);
			path = Tracking;
			sourceTree = "<group>";
		};
		0A800414300AD9FE004E1676 /* Persistencia */ = {
			isa = PBXGroup;
			children = (
				0A800412300AD9FE004E1676 /* Persistencia.swift */,
				0A800431300AD9FE004E1676 /* LugaresStore.swift */,
			);
			path = Persistencia;
			sourceTree = "<group>";
		};
		0A8004EF300AD9FE004E1676 /* Services */ = {
			isa = PBXGroup;
			children = (
				AA6600000000000000000C01 /* GTFS */,
				0A8004E3300AD9FE004E1676 /* Location */,
				AA7700000000000000000007 /* Negocios */,
				0A8004E5300AD9FE004E1676 /* Routing */,
				0A8004EE300AD9FE004E1676 /* Tracking */,
				AA6600000000000000000E03 /* SeniasService.swift */,
				0A800422300AD9FE004E1676 /* Imagenes */,
				0A800414300AD9FE004E1676 /* Persistencia */,
				0A80043D300AD9FE004E1676 /* Monedero */,
			);
			path = Services;
			sourceTree = "<group>";
		};
		0A8004F1300AD9FE004E1676 /* Utils */ = {
			isa = PBXGroup;
			children = (
				0A8004F0300AD9FE004E1676 /* PolylineMatching.swift */,
				0A800437300AD9FE004E1676 /* RejillaEspacial.swift */,
				0A800400300AD9FE004E1676 /* DestinosFijos.swift */,
				AA6600000000000000000F01 /* Idioma.swift */,
			);
			path = Utils;
			sourceTree = "<group>";
		};
		0A8004F6300AD9FE004E1676 /* RutaUTP */ = {
			isa = PBXGroup;
			children = (
				0A8004BC300AD9FE004E1676 /* Design */,
				0A8004C0300AD9FE004E1676 /* Models */,
				0A8004C3300AD9FE004E1676 /* Navigation */,
				0A8004C5300AD9FE004E1676 /* Preview Content */,
				0A8004E0300AD9FE004E1676 /* Screens */,
				0A8004EF300AD9FE004E1676 /* Services */,
				0A8004F1300AD9FE004E1676 /* Utils */,
				0A8004F2300AD9FE004E1676 /* Assets.xcassets */,
				0A8004F4300AD9FE004E1676 /* README.md */,
				0A8004F5300AD9FE004E1676 /* RutaUTPApp.swift */,
			);
			path = RutaUTP;
			sourceTree = "<group>";
		};
		AA6600000000000000000C01 /* GTFS */ = {
			isa = PBXGroup;
			children = (
				AA6600000000000000000A01 /* GTFSModels.swift */,
				AA6600000000000000000A02 /* GTFSCSV.swift */,
				AA6600000000000000000A03 /* GTFSRepository.swift */,
			);
			path = GTFS;
			sourceTree = "<group>";
		};
		AA7700000000000000000007 /* Negocios */ = {
			isa = PBXGroup;
			children = (
				AA7700000000000000000005 /* negocios_promocionados.json */,
				AA7700000000000000000003 /* NegociosService.swift */,
			);
			path = Negocios;
			sourceTree = "<group>";
		};
		2F87EE24304E0F0A00E2F5F2 /* Coordination */ = {
			isa = PBXGroup;
			children = (
				2F87EE25304E0F1D00E2F5F2 /* PassiveTrackingCoordinator.swift */,
				2F87EE27304E0F1D00E2F5F2 /* StartGuard.swift */,
			);
			path = Coordination;
			sourceTree = "<group>";
		};
		2F87EE10304E032300E2F5F2 /* Detection */ = {
			isa = PBXGroup;
			children = (
				2F87EE15304E040700E2F5F2 /* PassengerDetectionEngine.swift */,
				2F87EE11304E033600E2F5F2 /* PassengerDetectionModels.swift */,
				2F87EE1F304E0CCF00E2F5F2 /* RouteCandidateMatcher.swift */,
			);
			path = Detection;
			sourceTree = "<group>";
		};
		2F87EE1A304E093D00E2F5F2 /* Motion */ = {
			isa = PBXGroup;
			children = (
				2F87EE1D304E097C00E2F5F2 /* CoreMotionActivityService.swift */,
				2F87EE1B304E095300E2F5F2 /* MotionActivityProviding.swift */,
			);
			path = Motion;
			sourceTree = "<group>";
		};
		2F53143C304F16B600AC2B66 /* Publishers */ = {
			isa = PBXGroup;
			children = (
				2F531441304F170000AC2B66 /* MQTTObservationPublisher.swift */,
				2F53143D304F16D200AC2B66 /* ObservationPublishing.swift */,
			);
			path = Publishers;
			sourceTree = "<group>";
		};
/* End PBXGroup section */

/* Begin PBXNativeTarget section */
		0A80041C300AD9FE004E1676 /* RutaUTPTests */ = {
			isa = PBXNativeTarget;
			buildConfigurationList = 0A80041F300AD9FE004E1676 /* Build configuration list for PBXNativeTarget "RutaUTPTests" */;
			buildPhases = (
				0A800419300AD9FE004E1676 /* Sources */,
				0A800418300AD9FE004E1676 /* Frameworks */,
				0A80041A300AD9FE004E1676 /* Resources */,
			);
			buildRules = (
			);
			dependencies = (
				0A80041D300AD9FE004E1676 /* PBXTargetDependency */,
			);
			name = RutaUTPTests;
			productName = RutaUTPTests;
			productReference = 0A800417300AD9FE004E1676 /* RutaUTPTests.xctest */;
			productType = "com.apple.product-type.bundle.unit-test";
		};
		0A40D9132FDE5E7D00F79FBC /* RutaUTP */ = {
			isa = PBXNativeTarget;
			buildConfigurationList = 0A40D9222FDE5E7F00F79FBC /* Build configuration list for PBXNativeTarget "RutaUTP" */;
			buildPhases = (
				0A40D9102FDE5E7D00F79FBC /* Sources */,
				0A40D9112FDE5E7D00F79FBC /* Frameworks */,
				0A40D9122FDE5E7D00F79FBC /* Resources */,
			);
			buildRules = (
			);
			dependencies = (
			);
			name = RutaUTP;
			productName = RutaUTP;
			packageProductDependencies = (
				2F87EE06304DE59800E2F5F2 /* CocoaMQTT */,
			);
			productReference = 0A40D9142FDE5E7D00F79FBC /* RutaUTP.app */;
			productType = "com.apple.product-type.application";
		};
/* End PBXNativeTarget section */

/* Begin PBXProject section */
		0A40D90C2FDE5E7D00F79FBC /* Project object */ = {
			isa = PBXProject;
			attributes = {
				BuildIndependentTargetsInParallel = 1;
				LastSwiftUpdateCheck = 1540;
				LastUpgradeCheck = 1540;
				TargetAttributes = {
					0A40D9132FDE5E7D00F79FBC = {
						CreatedOnToolsVersion = 15.4;
					};
					0A80041C300AD9FE004E1676 = {
						CreatedOnToolsVersion = 15.4;
						TestTargetID = 0A40D9132FDE5E7D00F79FBC;
					};
				};
			};
			buildConfigurationList = 0A40D90F2FDE5E7D00F79FBC /* Build configuration list for PBXProject "RutaUTP" */;
			compatibilityVersion = "Xcode 14.0";
			developmentRegion = en;
			hasScannedForEncodings = 0;
			knownRegions = (
				en,
				Base,
			);
			mainGroup = 0A40D90B2FDE5E7D00F79FBC;
			packageReferences = (
				2F87EE05304DE59800E2F5F2 /* XCRemoteSwiftPackageReference "CocoaMQTT" */,
			);
			productRefGroup = 0A40D9152FDE5E7D00F79FBC /* Products */;
			projectDirPath = "";
			projectRoot = "";
			targets = (
				0A40D9132FDE5E7D00F79FBC /* RutaUTP */,
				0A80041C300AD9FE004E1676 /* RutaUTPTests */,
			);
		};
/* End PBXProject section */

/* Begin PBXResourcesBuildPhase section */
		0A80041A300AD9FE004E1676 /* Resources */ = {
			isa = PBXResourcesBuildPhase;
			buildActionMask = 2147483647;
			files = (
			);
			runOnlyForDeploymentPostprocessing = 0;
		};
		0A40D9122FDE5E7D00F79FBC /* Resources */ = {
			isa = PBXResourcesBuildPhase;
			buildActionMask = 2147483647;
			files = (
				0A800502300AD9FE004E1676 /* Preview Assets.xcassets in Resources */,
				0A80051D300AD9FE004E1676 /* Assets.xcassets in Resources */,
				AA6600000000000000000D02 /* gtfs in Resources */,
				AA6600000000000000000E08 /* senias in Resources */,
				AA7700000000000000000006 /* negocios_promocionados.json in Resources */,
			);
			runOnlyForDeploymentPostprocessing = 0;
		};
/* End PBXResourcesBuildPhase section */

/* Begin PBXSourcesBuildPhase section */
		0A800419300AD9FE004E1676 /* Sources */ = {
			isa = PBXSourcesBuildPhase;
			buildActionMask = 2147483647;
			files = (
				0A800503300AD9FE004E1676 /* MQTTConfigurationTests.swift in Sources */,
				0A80050B300AD9FE004E1676 /* ObservationPublishThrottleTests.swift in Sources */,
				0A80051E300AD9FE004E1676 /* PassengerDetectionEngineTests.swift in Sources */,
				0A80051F300AD9FE004E1676 /* PassengerObservationPayloadTests.swift in Sources */,
				0A800521300AD9FE004E1676 /* PassiveTrackingCoordinatorTest.swift in Sources */,
				0A800522300AD9FE004E1676 /* RouteCandidateMatcherTests.swift in Sources */,
				0A800523300AD9FE004E1676 /* StartGuardTests.swift in Sources */,
				0A800524300AD9FE004E1676 /* VehiclePositionSanitizerTests.swift in Sources */,
				BB9900000000000000000022 /* OccupancyTests.swift in Sources */,
				0A800415300AD9FE004E1676 /* RutaUTPTests.swift in Sources */,
			);
			runOnlyForDeploymentPostprocessing = 0;
		};
		0A40D9102FDE5E7D00F79FBC /* Sources */ = {
			isa = PBXSourcesBuildPhase;
			buildActionMask = 2147483647;
			files = (
				2F87EE09304DE96300E2F5F2 /* MQTTConfiguration.swift in Sources */,
				2F87EE26304E0F2000E2F5F2 /* PassiveTrackingCoordinator.swift in Sources */,
				2F87EE28304E0F2000E2F5F2 /* StartGuard.swift in Sources */,
				2F87EE16304E041400E2F5F2 /* PassengerDetectionEngine.swift in Sources */,
				2F87EE12304E036B00E2F5F2 /* PassengerDetectionModels.swift in Sources */,
				2F87EE20304E0CD200E2F5F2 /* RouteCandidateMatcher.swift in Sources */,
				2F87EE1E304E097E00E2F5F2 /* CoreMotionActivityService.swift in Sources */,
				2F87EE1C304E095800E2F5F2 /* MotionActivityProviding.swift in Sources */,
				2F87EE0D304DE9AC00E2F5F2 /* MQTTTrackingProvider.swift in Sources */,
				2F87EE0F304DEA2100E2F5F2 /* TrackingProviderFactory.swift in Sources */,
				2F531442304F170200AC2B66 /* MQTTObservationPublisher.swift in Sources */,
				2F53143E304F16D500AC2B66 /* ObservationPublishing.swift in Sources */,
				0A8004F7300AD9FE004E1676 /* BottomNavBar.swift in Sources */,
				AA6600000000000000000E02 /* Senia.swift in Sources */,
				AA6600000000000000000E04 /* SeniasService.swift in Sources */,
				AA6600000000000000000E06 /* SeniasOverlay.swift in Sources */,
				AA6600000000000000000E10 /* ReportarSheet.swift in Sources */,
				BB9900000000000000000012 /* BusOccupancyPanel.swift in Sources */,
				BB9900000000000000000002 /* OccupancyService.swift in Sources */,
				BA9900000000000000000012 /* RouteChangesSheet.swift in Sources */,
				BA9900000000000000000002 /* RouteChangesService.swift in Sources */,
				0A80043C300AD9FE004E1676 /* AvisoRutaAproximada.swift in Sources */,
				0A80043A300AD9FE004E1676 /* OfflineMapSheet.swift in Sources */,
				0A800436300AD9FE004E1676 /* FormularioReporte.swift in Sources */,
				AA6600000000000000000E12 /* PublicarComunidadSheet.swift in Sources */,
				AA6600000000000000000B01 /* GTFSModels.swift in Sources */,
				AA6600000000000000000B02 /* GTFSCSV.swift in Sources */,
				AA6600000000000000000B03 /* GTFSRepository.swift in Sources */,
				AA6600000000000000000B04 /* ExploradorRutaView.swift in Sources */,
				AA6600000000000000000B05 /* NavegacionRutaView.swift in Sources */,
				AA6600000000000000000B06 /* ParaderosIluminadosView.swift in Sources */,
				AA6600000000000000000F02 /* Idioma.swift in Sources */,
				AA7700000000000000000002 /* Negocio.swift in Sources */,
				AA7700000000000000000004 /* NegociosService.swift in Sources */,
				AA7700000000000000000009 /* NegociosComponents.swift in Sources */,
				0A800505300AD9FE004E1676 /* RutaMapKitView.swift in Sources */,
				0A80050F300AD9FE004E1676 /* RutasView.swift in Sources */,
				0A800518300AD9FE004E1676 /* VehiclePosition.swift in Sources */,
				0A800515300AD9FE004E1676 /* RouteCalculationService.swift in Sources */,
				0A800506300AD9FE004E1676 /* GuardadoView.swift in Sources */,
				AA8800000000000000000B01 /* GuardadoViewModel.swift in Sources */,
				AA8800000000000000000B02 /* GuardadoSheets.swift in Sources */,
				0A80051B300AD9FE004E1676 /* VehicleTrackingProviding.swift in Sources */,
				0A800520300AD9FE004E1676 /* RutaUTPApp.swift in Sources */,
				0A800508300AD9FE004E1676 /* MapaViewModel.swift in Sources */,
				0A8004FD300AD9FE004E1676 /* LugarGuardado.swift in Sources */,
				0A800432300AD9FE004E1676 /* LugaresStore.swift in Sources */,
				0A80051A300AD9FE004E1676 /* SimulatedTrackingProvider.swift in Sources */,
				0A800517300AD9FE004E1676 /* TripSession.swift in Sources */,
				0A800513300AD9FE004E1676 /* LocationService.swift in Sources */,
				0A800500300AD9FE004E1676 /* AppRouter.swift in Sources */,
				0A8004FB300AD9FE004E1676 /* Spacing.swift in Sources */,
				0A80050C300AD9FE004E1676 /* CarnetScannerView.swift in Sources */,
				0AC4E0A120260907004E1676 /* CarneDigitalView.swift in Sources */,
				0A800511300AD9FE004E1676 /* RouteTrackingDemoView.swift in Sources */,
				0A8005AA300AD9FE004E1676 /* TrackingDemoComponents.swift in Sources */,
				0A8004FA300AD9FE004E1676 /* Colors.swift in Sources */,
				0A8004FE300AD9FE004E1676 /* ReporteComunidad.swift in Sources */,
				0A800514300AD9FE004E1676 /* LocationServiceProtocol.swift in Sources */,
				0A80050A300AD9FE004E1676 /* SideDrawer.swift in Sources */,
				0A80042A300AD9FE004E1676 /* ProfileImageStore.swift in Sources */,
				0A800428300AD9FE004E1676 /* ImagePicker.swift in Sources */,
				0A800426300AD9FE004E1676 /* DatosPersonalesSheet.swift in Sources */,
				0A800424300AD9FE004E1676 /* DrawerSheets.swift in Sources */,
				0A8004FF300AD9FE004E1676 /* Ruta.swift in Sources */,
				0A800512300AD9FE004E1676 /* RouteTrackingViewModel.swift in Sources */,
				0A80050D300AD9FE004E1676 /* PerfilView.swift in Sources */,
				0A80043F300AD9FE004E1676 /* MonederoStore.swift in Sources */,
				0A800441300AD9FE004E1676 /* MonederoView.swift in Sources */,
				AA9900000000000000000A02 /* PagoQR.swift in Sources */,
				AA9900000000000000000A04 /* EscanerQRView.swift in Sources */,
				0A800516300AD9FE004E1676 /* TrackingPoint.swift in Sources */,
				0A800411300AD9FE004E1676 /* AppHaptics.swift in Sources */,
				0A800413300AD9FE004E1676 /* Persistencia.swift in Sources */,
				0A8004FC300AD9FE004E1676 /* Typography.swift in Sources */,
				0A80050E300AD9FE004E1676 /* TarjetaFormSheet.swift in Sources */,
				0A800501300AD9FE004E1676 /* RootView.swift in Sources */,
				0A800509300AD9FE004E1676 /* MapMarkers.swift in Sources */,
				AA9900000000000000000B02 /* BusEn3D.swift in Sources */,
				0A800507300AD9FE004E1676 /* MapaView.swift in Sources */,
				0A800504300AD9FE004E1676 /* BienvenidaView.swift in Sources */,
				0A800510300AD9FE004E1676 /* SeguridadView.swift in Sources */,
				0A800434300AD9FE004E1676 /* SeguridadLugaresModel.swift in Sources */,
				0A800430300AD9FE004E1676 /* SeguridadLugares.swift in Sources */,
				0A80042E300AD9FE004E1676 /* SeguridadZonas.swift in Sources */,
				0A80042C300AD9FE004E1676 /* SeguridadComunidad.swift in Sources */,
				0A80051C300AD9FE004E1676 /* PolylineMatching.swift in Sources */,
				0A800438300AD9FE004E1676 /* RejillaEspacial.swift in Sources */,
				0A800401300AD9FE004E1676 /* DestinosFijos.swift in Sources */,
			);
			runOnlyForDeploymentPostprocessing = 0;
		};
/* End PBXSourcesBuildPhase section */

/* Begin XCBuildConfiguration section */
/* Begin PBXTargetDependency section */
		0A80041D300AD9FE004E1676 /* PBXTargetDependency */ = {
			isa = PBXTargetDependency;
			target = 0A40D9132FDE5E7D00F79FBC /* RutaUTP */;
			targetProxy = 0A80041E300AD9FE004E1676 /* PBXContainerItemProxy */;
		};
/* End PBXTargetDependency section */

		0A800420300AD9FE004E1676 /* Debug */ = {
			isa = XCBuildConfiguration;
			buildSettings = {
				BUNDLE_LOADER = "$(TEST_HOST)";
				CODE_SIGN_STYLE = Automatic;
				CURRENT_PROJECT_VERSION = 1;
				GENERATE_INFOPLIST_FILE = YES;
				IPHONEOS_DEPLOYMENT_TARGET = 17.5;
				MARKETING_VERSION = 1.0;
				PRODUCT_BUNDLE_IDENTIFIER = apolito.RutaUTP.dev-o-joaquindiaz.RutaUTPTests;
				PRODUCT_NAME = "$(TARGET_NAME)";
				SDKROOT = iphoneos;
				SWIFT_VERSION = 5.0;
				TARGETED_DEVICE_FAMILY = "1";
				TEST_HOST = "$(BUILT_PRODUCTS_DIR)/RutaUTP.app/$(BUNDLE_EXECUTABLE_FOLDER_PATH)/RutaUTP";
			};
			name = Debug;
		};
		0A800421300AD9FE004E1676 /* Release */ = {
			isa = XCBuildConfiguration;
			buildSettings = {
				BUNDLE_LOADER = "$(TEST_HOST)";
				CODE_SIGN_STYLE = Automatic;
				CURRENT_PROJECT_VERSION = 1;
				GENERATE_INFOPLIST_FILE = YES;
				IPHONEOS_DEPLOYMENT_TARGET = 17.5;
				MARKETING_VERSION = 1.0;
				PRODUCT_BUNDLE_IDENTIFIER = apolito.RutaUTP.dev-o-joaquindiaz.RutaUTPTests;
				PRODUCT_NAME = "$(TARGET_NAME)";
				SDKROOT = iphoneos;
				SWIFT_VERSION = 5.0;
				TARGETED_DEVICE_FAMILY = "1";
				TEST_HOST = "$(BUILT_PRODUCTS_DIR)/RutaUTP.app/$(BUNDLE_EXECUTABLE_FOLDER_PATH)/RutaUTP";
			};
			name = Release;
		};
		0A40D9202FDE5E7F00F79FBC /* Debug */ = {
			isa = XCBuildConfiguration;
			buildSettings = {
				ALWAYS_SEARCH_USER_PATHS = NO;
				ASSETCATALOG_COMPILER_GENERATE_SWIFT_ASSET_SYMBOL_EXTENSIONS = YES;
				CLANG_ANALYZER_NONNULL = YES;
				CLANG_ANALYZER_NUMBER_OBJECT_CONVERSION = YES_AGGRESSIVE;
				CLANG_CXX_LANGUAGE_STANDARD = "gnu++20";
				CLANG_ENABLE_MODULES = YES;
				CLANG_ENABLE_OBJC_ARC = YES;
				CLANG_ENABLE_OBJC_WEAK = YES;
				CLANG_WARN_BLOCK_CAPTURE_AUTORELEASING = YES;
				CLANG_WARN_BOOL_CONVERSION = YES;
				CLANG_WARN_COMMA = YES;
				CLANG_WARN_CONSTANT_CONVERSION = YES;
				CLANG_WARN_DEPRECATED_OBJC_IMPLEMENTATIONS = YES;
				CLANG_WARN_DIRECT_OBJC_ISA_USAGE = YES_ERROR;
				CLANG_WARN_DOCUMENTATION_COMMENTS = YES;
				CLANG_WARN_EMPTY_BODY = YES;
				CLANG_WARN_ENUM_CONVERSION = YES;
				CLANG_WARN_INFINITE_RECURSION = YES;
				CLANG_WARN_INT_CONVERSION = YES;
				CLANG_WARN_NON_LITERAL_NULL_CONVERSION = YES;
				CLANG_WARN_OBJC_IMPLICIT_RETAIN_SELF = YES;
				CLANG_WARN_OBJC_LITERAL_CONVERSION = YES;
				CLANG_WARN_OBJC_ROOT_CLASS = YES_ERROR;
				CLANG_WARN_QUOTED_INCLUDE_IN_FRAMEWORK_HEADER = YES;
				CLANG_WARN_RANGE_LOOP_ANALYSIS = YES;
				CLANG_WARN_STRICT_PROTOTYPES = YES;
				CLANG_WARN_SUSPICIOUS_MOVE = YES;
				CLANG_WARN_UNGUARDED_AVAILABILITY = YES_AGGRESSIVE;
				CLANG_WARN_UNREACHABLE_CODE = YES;
				CLANG_WARN__DUPLICATE_METHOD_MATCH = YES;
				COPY_PHASE_STRIP = NO;
				DEBUG_INFORMATION_FORMAT = dwarf;
				ENABLE_STRICT_OBJC_MSGSEND = YES;
				ENABLE_TESTABILITY = YES;
				ENABLE_USER_SCRIPT_SANDBOXING = YES;
				GCC_C_LANGUAGE_STANDARD = gnu17;
				GCC_DYNAMIC_NO_PIC = NO;
				GCC_NO_COMMON_BLOCKS = YES;
				GCC_OPTIMIZATION_LEVEL = 0;
				GCC_PREPROCESSOR_DEFINITIONS = (
					"DEBUG=1",
					"$(inherited)",
				);
				GCC_WARN_64_TO_32_BIT_CONVERSION = YES;
				GCC_WARN_ABOUT_RETURN_TYPE = YES_ERROR;
				GCC_WARN_UNDECLARED_SELECTOR = YES;
				GCC_WARN_UNINITIALIZED_AUTOS = YES_AGGRESSIVE;
				GCC_WARN_UNUSED_FUNCTION = YES;
				GCC_WARN_UNUSED_VARIABLE = YES;
				IPHONEOS_DEPLOYMENT_TARGET = 17.5;
				LOCALIZATION_PREFERS_STRING_CATALOGS = YES;
				MTL_ENABLE_DEBUG_INFO = INCLUDE_SOURCE;
				MTL_FAST_MATH = YES;
				ONLY_ACTIVE_ARCH = YES;
				SDKROOT = iphoneos;
				SWIFT_ACTIVE_COMPILATION_CONDITIONS = "DEBUG $(inherited)";
				SWIFT_OPTIMIZATION_LEVEL = "-Onone";
			};
			name = Debug;
		};
		0A40D9212FDE5E7F00F79FBC /* Release */ = {
			isa = XCBuildConfiguration;
			buildSettings = {
				ALWAYS_SEARCH_USER_PATHS = NO;
				ASSETCATALOG_COMPILER_GENERATE_SWIFT_ASSET_SYMBOL_EXTENSIONS = YES;
				CLANG_ANALYZER_NONNULL = YES;
				CLANG_ANALYZER_NUMBER_OBJECT_CONVERSION = YES_AGGRESSIVE;
				CLANG_CXX_LANGUAGE_STANDARD = "gnu++20";
				CLANG_ENABLE_MODULES = YES;
				CLANG_ENABLE_OBJC_ARC = YES;
				CLANG_ENABLE_OBJC_WEAK = YES;
				CLANG_WARN_BLOCK_CAPTURE_AUTORELEASING = YES;
				CLANG_WARN_BOOL_CONVERSION = YES;
				CLANG_WARN_COMMA = YES;
				CLANG_WARN_CONSTANT_CONVERSION = YES;
				CLANG_WARN_DEPRECATED_OBJC_IMPLEMENTATIONS = YES;
				CLANG_WARN_DIRECT_OBJC_ISA_USAGE = YES_ERROR;
				CLANG_WARN_DOCUMENTATION_COMMENTS = YES;
				CLANG_WARN_EMPTY_BODY = YES;
				CLANG_WARN_ENUM_CONVERSION = YES;
				CLANG_WARN_INFINITE_RECURSION = YES;
				CLANG_WARN_INT_CONVERSION = YES;
				CLANG_WARN_NON_LITERAL_NULL_CONVERSION = YES;
				CLANG_WARN_OBJC_IMPLICIT_RETAIN_SELF = YES;
				CLANG_WARN_OBJC_LITERAL_CONVERSION = YES;
				CLANG_WARN_OBJC_ROOT_CLASS = YES_ERROR;
				CLANG_WARN_QUOTED_INCLUDE_IN_FRAMEWORK_HEADER = YES;
				CLANG_WARN_RANGE_LOOP_ANALYSIS = YES;
				CLANG_WARN_STRICT_PROTOTYPES = YES;
				CLANG_WARN_SUSPICIOUS_MOVE = YES;
				CLANG_WARN_UNGUARDED_AVAILABILITY = YES_AGGRESSIVE;
				CLANG_WARN_UNREACHABLE_CODE = YES;
				CLANG_WARN__DUPLICATE_METHOD_MATCH = YES;
				COPY_PHASE_STRIP = NO;
				DEBUG_INFORMATION_FORMAT = "dwarf-with-dsym";
				ENABLE_NS_ASSERTIONS = NO;
				ENABLE_STRICT_OBJC_MSGSEND = YES;
				ENABLE_USER_SCRIPT_SANDBOXING = YES;
				GCC_C_LANGUAGE_STANDARD = gnu17;
				GCC_NO_COMMON_BLOCKS = YES;
				GCC_WARN_64_TO_32_BIT_CONVERSION = YES;
				GCC_WARN_ABOUT_RETURN_TYPE = YES_ERROR;
				GCC_WARN_UNDECLARED_SELECTOR = YES;
				GCC_WARN_UNINITIALIZED_AUTOS = YES_AGGRESSIVE;
				GCC_WARN_UNUSED_FUNCTION = YES;
				GCC_WARN_UNUSED_VARIABLE = YES;
				IPHONEOS_DEPLOYMENT_TARGET = 17.5;
				LOCALIZATION_PREFERS_STRING_CATALOGS = YES;
				MTL_ENABLE_DEBUG_INFO = NO;
				MTL_FAST_MATH = YES;
				SDKROOT = iphoneos;
				SWIFT_COMPILATION_MODE = wholemodule;
				VALIDATE_PRODUCT = YES;
			};
			name = Release;
		};
		0A40D9232FDE5E7F00F79FBC /* Debug */ = {
			isa = XCBuildConfiguration;
			buildSettings = {
				ENABLE_TESTABILITY = YES;
				ASSETCATALOG_COMPILER_APPICON_NAME = AppIcon;
				ASSETCATALOG_COMPILER_GLOBAL_ACCENT_COLOR_NAME = AccentColor;
				CODE_SIGN_STYLE = Automatic;
				CURRENT_PROJECT_VERSION = 1;
				DEVELOPMENT_ASSET_PATHS = "\"RutaUTP/Preview Content\"";
				DEVELOPMENT_TEAM = 2DB6N5Q47S;
				ENABLE_PREVIEWS = YES;
				GENERATE_INFOPLIST_FILE = YES;
				INFOPLIST_FILE = RutaUTP/Info.plist;
				INFOPLIST_KEY_CFBundleDisplayName = "Ruta UTP";
				INFOPLIST_KEY_NSCameraUsageDescription = "RutaUTP necesita acceso a la cámara para que puedas tomar tu foto de perfil.";
				INFOPLIST_KEY_NSLocationWhenInUseUsageDescription = "RutaUTP necesita tu ubicación para mostrarte el mapa, calcular rutas hacia el campus UTP y seguir tu progreso durante el viaje.";
				INFOPLIST_KEY_NSMotionUsageDescription = "RutaUTP usa la actividad física para distinguir cuándo caminas y cuándo viajas en transporte público.";
				INFOPLIST_KEY_NSLocalNetworkUsageDescription = "RutaUTP necesita la red local para hablar con el broker MQTT durante las pruebas.";
				INFOPLIST_KEY_UIApplicationSceneManifest_Generation = YES;
				INFOPLIST_KEY_UIApplicationSupportsIndirectInputEvents = YES;
				INFOPLIST_KEY_UILaunchScreen_Generation = YES;
				INFOPLIST_KEY_UISupportedInterfaceOrientations_iPad = "UIInterfaceOrientationPortrait UIInterfaceOrientationPortraitUpsideDown UIInterfaceOrientationLandscapeLeft UIInterfaceOrientationLandscapeRight";
				INFOPLIST_KEY_UISupportedInterfaceOrientations_iPhone = "UIInterfaceOrientationPortrait UIInterfaceOrientationLandscapeLeft UIInterfaceOrientationLandscapeRight";
				LD_RUNPATH_SEARCH_PATHS = (
					"$(inherited)",
					"@executable_path/Frameworks",
				);
				MARKETING_VERSION = 1.0;
				PRODUCT_BUNDLE_IDENTIFIER = "apolito.RutaUTP.dev-o-joaquindiaz.RutaUTP";
				PRODUCT_NAME = "$(TARGET_NAME)";
				SWIFT_EMIT_LOC_STRINGS = YES;
				SWIFT_STRICT_CONCURRENCY = targeted;
				SWIFT_VERSION = 5.0;
				TARGETED_DEVICE_FAMILY = "1";
			};
			name = Debug;
		};
		0A40D9242FDE5E7F00F79FBC /* Release */ = {
			isa = XCBuildConfiguration;
			buildSettings = {
				ASSETCATALOG_COMPILER_APPICON_NAME = AppIcon;
				ASSETCATALOG_COMPILER_GLOBAL_ACCENT_COLOR_NAME = AccentColor;
				CODE_SIGN_STYLE = Automatic;
				CURRENT_PROJECT_VERSION = 1;
				DEVELOPMENT_ASSET_PATHS = "\"RutaUTP/Preview Content\"";
				DEVELOPMENT_TEAM = 2DB6N5Q47S;
				ENABLE_PREVIEWS = YES;
				GENERATE_INFOPLIST_FILE = YES;
				INFOPLIST_FILE = RutaUTP/Info.plist;
				INFOPLIST_KEY_CFBundleDisplayName = "Ruta UTP";
				INFOPLIST_KEY_NSCameraUsageDescription = "RutaUTP necesita acceso a la cámara para que puedas tomar tu foto de perfil.";
				INFOPLIST_KEY_NSLocationWhenInUseUsageDescription = "RutaUTP necesita tu ubicación para mostrarte el mapa, calcular rutas hacia el campus UTP y seguir tu progreso durante el viaje.";
				INFOPLIST_KEY_NSMotionUsageDescription = "RutaUTP usa la actividad física para distinguir cuándo caminas y cuándo viajas en transporte público.";
				INFOPLIST_KEY_NSLocalNetworkUsageDescription = "RutaUTP necesita la red local para hablar con el broker MQTT durante las pruebas.";
				INFOPLIST_KEY_UIApplicationSceneManifest_Generation = YES;
				INFOPLIST_KEY_UIApplicationSupportsIndirectInputEvents = YES;
				INFOPLIST_KEY_UILaunchScreen_Generation = YES;
				INFOPLIST_KEY_UISupportedInterfaceOrientations_iPad = "UIInterfaceOrientationPortrait UIInterfaceOrientationPortraitUpsideDown UIInterfaceOrientationLandscapeLeft UIInterfaceOrientationLandscapeRight";
				INFOPLIST_KEY_UISupportedInterfaceOrientations_iPhone = "UIInterfaceOrientationPortrait UIInterfaceOrientationLandscapeLeft UIInterfaceOrientationLandscapeRight";
				LD_RUNPATH_SEARCH_PATHS = (
					"$(inherited)",
					"@executable_path/Frameworks",
				);
				MARKETING_VERSION = 1.0;
				PRODUCT_BUNDLE_IDENTIFIER = "apolito.RutaUTP.dev-o-joaquindiaz.RutaUTP";
				PRODUCT_NAME = "$(TARGET_NAME)";
				SWIFT_EMIT_LOC_STRINGS = YES;
				SWIFT_STRICT_CONCURRENCY = targeted;
				SWIFT_VERSION = 5.0;
				TARGETED_DEVICE_FAMILY = "1";
			};
			name = Release;
		};
/* End XCBuildConfiguration section */

/* Begin XCConfigurationList section */
		0A80041F300AD9FE004E1676 /* Build configuration list for PBXNativeTarget "RutaUTPTests" */ = {
			isa = XCConfigurationList;
			buildConfigurations = (
				0A800420300AD9FE004E1676 /* Debug */,
				0A800421300AD9FE004E1676 /* Release */,
			);
			defaultConfigurationIsVisible = 0;
			defaultConfigurationName = Release;
		};
		0A40D90F2FDE5E7D00F79FBC /* Build configuration list for PBXProject "RutaUTP" */ = {
			isa = XCConfigurationList;
			buildConfigurations = (
				0A40D9202FDE5E7F00F79FBC /* Debug */,
				0A40D9212FDE5E7F00F79FBC /* Release */,
			);
			defaultConfigurationIsVisible = 0;
			defaultConfigurationName = Release;
		};
		0A40D9222FDE5E7F00F79FBC /* Build configuration list for PBXNativeTarget "RutaUTP" */ = {
			isa = XCConfigurationList;
			buildConfigurations = (
				0A40D9232FDE5E7F00F79FBC /* Debug */,
				0A40D9242FDE5E7F00F79FBC /* Release */,
			);
			defaultConfigurationIsVisible = 0;
			defaultConfigurationName = Release;
		};
/* End XCConfigurationList section */

/* Begin XCRemoteSwiftPackageReference section */
		2F87EE05304DE59800E2F5F2 /* XCRemoteSwiftPackageReference "CocoaMQTT" */ = {
			isa = XCRemoteSwiftPackageReference;
			repositoryURL = "https://github.com/emqx/CocoaMQTT.git";
			requirement = {
				kind = exactVersion;
				version = 2.4.0;
			};
		};
/* End XCRemoteSwiftPackageReference section */

/* Begin XCSwiftPackageProductDependency section */
		2F87EE06304DE59800E2F5F2 /* CocoaMQTT */ = {
			isa = XCSwiftPackageProductDependency;
			package = 2F87EE05304DE59800E2F5F2 /* XCRemoteSwiftPackageReference "CocoaMQTT" */;
			productName = CocoaMQTT;
		};
/* End XCSwiftPackageProductDependency section */
	};
	rootObject = 0A40D90C2FDE5E7D00F79FBC /* Project object */;
}
